
Microsoft Visual Studio Solution File, Format Version 12.00
# Visual Studio 15
VisualStudioVersion = 15.0.27130.0
MinimumVisualStudioVersion = 15.0.26124.0
Project("{9A19103F-16F7-4668-BE54-9A1E7A4F7556}") = "BTCPayServer", "BTCPayServer\BTCPayServer.csproj", "{949A0870-8D8C-4DE5-8845-DDD560489177}"
EndProject
Project("{9A19103F-16F7-4668-BE54-9A1E7A4F7556}") = "BTCPayServer.Tests", "BTCPayServer.Tests\BTCPayServer.Tests.csproj", "{B373F439-6E75-4A94-985D-10A0C7C500D0}"
EndProject
Project("{2150E333-8FDC-42A3-9474-1A3956D46DE8}") = "Misc", "Misc", "{29290EC7-00E6-4C4B-96D9-4D7E9611DF28}"
	ProjectSection(SolutionItems) = preProject
		.circleci\config.yml = .circleci\config.yml
		Dockerfile.linuxamd64 = Dockerfile.linuxamd64
		Dockerfile.linuxarm32v7 = Dockerfile.linuxarm32v7
	EndProjectSection
EndProject
Project("{2150E333-8FDC-42A3-9474-1A3956D46DE8}") = "Clients", "Clients", "{0FD5C1EA-CB58-43FF-9547-BC3CA4C4CD21}"
EndProject
Project("{FAE04EC0-301F-11D3-BF4B-00C04F79EFBC}") = "BTCPayServer.ClientCredentials.CSharp", "Clients\BTCPayServer.ClientCredentials.CSharp\BTCPayServer.ClientCredentials.CSharp.csproj", "{C35FE352-5D75-45FD-8CD4-CB75C81B51DC}"
EndProject
Project("{FAE04EC0-301F-11D3-BF4B-00C04F79EFBC}") = "BtcPayServer.Password.CSharp", "Clients\BtcPayServer.Password.CSharp\BtcPayServer.Password.CSharp.csproj", "{16048077-7217-4D79-BC01-90C1EC2E1BAA}"
EndProject
Project("{FAE04EC0-301F-11D3-BF4B-00C04F79EFBC}") = "BTCPayServer.AuthorizationCode.CSharp", "Clients\BTCPayServer.AuthorizationCode.CSharp\BTCPayServer.AuthorizationCode.CSharp.csproj", "{73A24615-8BB3-4A94-AEF6-AFD4872389EE}"
EndProject
Project("{FAE04EC0-301F-11D3-BF4B-00C04F79EFBC}") = "BTCPayServer.AuthorizationCode.CSharp.AspNetCore", "Clients\BTCPayServer.AuthorizationCode.CSharp.AspNetCore\BTCPayServer.AuthorizationCode.CSharp.AspNetCore.csproj", "{03FF0173-4247-4E34-BBA9-9F8F4CE9BE30}"
EndProject
Project("{FAE04EC0-301F-11D3-BF4B-00C04F79EFBC}") = "BTCPayServer.OAuthIntrospection.CSharp.AspNetCore", "Clients\BTCPayServer.OAuthIntrospection.CSharp.AspNetCore\BTCPayServer.OAuthIntrospection.CSharp.AspNetCore.csproj", "{D098D6B0-9968-49B4-A1B7-71C8BB343E76}"
EndProject
Global
	GlobalSection(SolutionConfigurationPlatforms) = preSolution
		Debug|Any CPU = Debug|Any CPU
		Debug|x64 = Debug|x64
		Debug|x86 = Debug|x86
		Release|Any CPU = Release|Any CPU
		Release|x64 = Release|x64
		Release|x86 = Release|x86
	EndGlobalSection
	GlobalSection(ProjectConfigurationPlatforms) = postSolution
		{949A0870-8D8C-4DE5-8845-DDD560489177}.Debug|Any CPU.ActiveCfg = Debug|Any CPU
		{949A0870-8D8C-4DE5-8845-DDD560489177}.Debug|Any CPU.Build.0 = Debug|Any CPU
		{949A0870-8D8C-4DE5-8845-DDD560489177}.Debug|x64.ActiveCfg = Debug|Any CPU
		{949A0870-8D8C-4DE5-8845-DDD560489177}.Debug|x64.Build.0 = Debug|Any CPU
		{949A0870-8D8C-4DE5-8845-DDD560489177}.Debug|x86.ActiveCfg = Debug|Any CPU
		{949A0870-8D8C-4DE5-8845-DDD560489177}.Debug|x86.Build.0 = Debug|Any CPU
		{949A0870-8D8C-4DE5-8845-DDD560489177}.Release|Any CPU.ActiveCfg = Release|Any CPU
		{949A0870-8D8C-4DE5-8845-DDD560489177}.Release|Any CPU.Build.0 = Release|Any CPU
		{949A0870-8D8C-4DE5-8845-DDD560489177}.Release|x64.ActiveCfg = Release|Any CPU
		{949A0870-8D8C-4DE5-8845-DDD560489177}.Release|x64.Build.0 = Release|Any CPU
		{949A0870-8D8C-4DE5-8845-DDD560489177}.Release|x86.ActiveCfg = Release|Any CPU
		{949A0870-8D8C-4DE5-8845-DDD560489177}.Release|x86.Build.0 = Release|Any CPU
		{B373F439-6E75-4A94-985D-10A0C7C500D0}.Debug|Any CPU.ActiveCfg = Debug|Any CPU
		{B373F439-6E75-4A94-985D-10A0C7C500D0}.Debug|Any CPU.Build.0 = Debug|Any CPU
		{B373F439-6E75-4A94-985D-10A0C7C500D0}.Debug|x64.ActiveCfg = Debug|Any CPU
		{B373F439-6E75-4A94-985D-10A0C7C500D0}.Debug|x64.Build.0 = Debug|Any CPU
		{B373F439-6E75-4A94-985D-10A0C7C500D0}.Debug|x86.ActiveCfg = Debug|Any CPU
		{B373F439-6E75-4A94-985D-10A0C7C500D0}.Debug|x86.Build.0 = Debug|Any CPU
		{B373F439-6E75-4A94-985D-10A0C7C500D0}.Release|Any CPU.ActiveCfg = Release|Any CPU
		{B373F439-6E75-4A94-985D-10A0C7C500D0}.Release|Any CPU.Build.0 = Release|Any CPU
		{B373F439-6E75-4A94-985D-10A0C7C500D0}.Release|x64.ActiveCfg = Release|Any CPU
		{B373F439-6E75-4A94-985D-10A0C7C500D0}.Release|x64.Build.0 = Release|Any CPU
		{B373F439-6E75-4A94-985D-10A0C7C500D0}.Release|x86.ActiveCfg = Release|Any CPU
		{B373F439-6E75-4A94-985D-10A0C7C500D0}.Release|x86.Build.0 = Release|Any CPU
		{C35FE352-5D75-45FD-8CD4-CB75C81B51DC}.Debug|Any CPU.ActiveCfg = Debug|Any CPU
		{C35FE352-5D75-45FD-8CD4-CB75C81B51DC}.Debug|Any CPU.Build.0 = Debug|Any CPU
		{C35FE352-5D75-45FD-8CD4-CB75C81B51DC}.Debug|x64.ActiveCfg = Debug|Any CPU
		{C35FE352-5D75-45FD-8CD4-CB75C81B51DC}.Debug|x64.Build.0 = Debug|Any CPU
		{C35FE352-5D75-45FD-8CD4-CB75C81B51DC}.Debug|x86.ActiveCfg = Debug|Any CPU
		{C35FE352-5D75-45FD-8CD4-CB75C81B51DC}.Debug|x86.Build.0 = Debug|Any CPU
		{C35FE352-5D75-45FD-8CD4-CB75C81B51DC}.Release|Any CPU.ActiveCfg = Release|Any CPU
		{C35FE352-5D75-45FD-8CD4-CB75C81B51DC}.Release|Any CPU.Build.0 = Release|Any CPU
		{C35FE352-5D75-45FD-8CD4-CB75C81B51DC}.Release|x64.ActiveCfg = Release|Any CPU
		{C35FE352-5D75-45FD-8CD4-CB75C81B51DC}.Release|x64.Build.0 = Release|Any CPU
		{C35FE352-5D75-45FD-8CD4-CB75C81B51DC}.Release|x86.ActiveCfg = Release|Any CPU
		{C35FE352-5D75-45FD-8CD4-CB75C81B51DC}.Release|x86.Build.0 = Release|Any CPU
		{16048077-7217-4D79-BC01-90C1EC2E1BAA}.Debug|Any CPU.ActiveCfg = Debug|Any CPU
		{16048077-7217-4D79-BC01-90C1EC2E1BAA}.Debug|Any CPU.Build.0 = Debug|Any CPU
		{16048077-7217-4D79-BC01-90C1EC2E1BAA}.Debug|x64.ActiveCfg = Debug|Any CPU
		{16048077-7217-4D79-BC01-90C1EC2E1BAA}.Debug|x64.Build.0 = Debug|Any CPU
		{16048077-7217-4D79-BC01-90C1EC2E1BAA}.Debug|x86.ActiveCfg = Debug|Any CPU
		{16048077-7217-4D79-BC01-90C1EC2E1BAA}.Debug|x86.Build.0 = Debug|Any CPU
		{16048077-7217-4D79-BC01-90C1EC2E1BAA}.Release|Any CPU.ActiveCfg = Release|Any CPU
		{16048077-7217-4D79-BC01-90C1EC2E1BAA}.Release|Any CPU.Build.0 = Release|Any CPU
		{16048077-7217-4D79-BC01-90C1EC2E1BAA}.Release|x64.ActiveCfg = Release|Any CPU
		{16048077-7217-4D79-BC01-90C1EC2E1BAA}.Release|x64.Build.0 = Release|Any CPU
		{16048077-7217-4D79-BC01-90C1EC2E1BAA}.Release|x86.ActiveCfg = Release|Any CPU
		{16048077-7217-4D79-BC01-90C1EC2E1BAA}.Release|x86.Build.0 = Release|Any CPU
		{73A24615-8BB3-4A94-AEF6-AFD4872389EE}.Debug|Any CPU.ActiveCfg = Debug|Any CPU
		{73A24615-8BB3-4A94-AEF6-AFD4872389EE}.Debug|Any CPU.Build.0 = Debug|Any CPU
		{73A24615-8BB3-4A94-AEF6-AFD4872389EE}.Debug|x64.ActiveCfg = Debug|Any CPU
		{73A24615-8BB3-4A94-AEF6-AFD4872389EE}.Debug|x64.Build.0 = Debug|Any CPU
		{73A24615-8BB3-4A94-AEF6-AFD4872389EE}.Debug|x86.ActiveCfg = Debug|Any CPU
		{73A24615-8BB3-4A94-AEF6-AFD4872389EE}.Debug|x86.Build.0 = Debug|Any CPU
		{73A24615-8BB3-4A94-AEF6-AFD4872389EE}.Release|Any CPU.ActiveCfg = Release|Any CPU
		{73A24615-8BB3-4A94-AEF6-AFD4872389EE}.Release|Any CPU.Build.0 = Release|Any CPU
		{73A24615-8BB3-4A94-AEF6-AFD4872389EE}.Release|x64.ActiveCfg = Release|Any CPU
		{73A24615-8BB3-4A94-AEF6-AFD4872389EE}.Release|x64.Build.0 = Release|Any CPU
		{73A24615-8BB3-4A94-AEF6-AFD4872389EE}.Release|x86.ActiveCfg = Release|Any CPU
		{73A24615-8BB3-4A94-AEF6-AFD4872389EE}.Release|x86.Build.0 = Release|Any CPU
		{03FF0173-4247-4E34-BBA9-9F8F4CE9BE30}.Debug|Any CPU.ActiveCfg = Debug|Any CPU
		{03FF0173-4247-4E34-BBA9-9F8F4CE9BE30}.Debug|Any CPU.Build.0 = Debug|Any CPU
		{03FF0173-4247-4E34-BBA9-9F8F4CE9BE30}.Debug|x64.ActiveCfg = Debug|Any CPU
		{03FF0173-4247-4E34-BBA9-9F8F4CE9BE30}.Debug|x64.Build.0 = Debug|Any CPU
		{03FF0173-4247-4E34-BBA9-9F8F4CE9BE30}.Debug|x86.ActiveCfg = Debug|Any CPU
		{03FF0173-4247-4E34-BBA9-9F8F4CE9BE30}.Debug|x86.Build.0 = Debug|Any CPU
		{03FF0173-4247-4E34-BBA9-9F8F4CE9BE30}.Release|Any CPU.ActiveCfg = Release|Any CPU
		{03FF0173-4247-4E34-BBA9-9F8F4CE9BE30}.Release|Any CPU.Build.0 = Release|Any CPU
		{03FF0173-4247-4E34-BBA9-9F8F4CE9BE30}.Release|x64.ActiveCfg = Release|Any CPU
		{03FF0173-4247-4E34-BBA9-9F8F4CE9BE30}.Release|x64.Build.0 = Release|Any CPU
		{03FF0173-4247-4E34-BBA9-9F8F4CE9BE30}.Release|x86.ActiveCfg = Release|Any CPU
		{03FF0173-4247-4E34-BBA9-9F8F4CE9BE30}.Release|x86.Build.0 = Release|Any CPU
		{D098D6B0-9968-49B4-A1B7-71C8BB343E76}.Debug|Any CPU.ActiveCfg = Debug|Any CPU
		{D098D6B0-9968-49B4-A1B7-71C8BB343E76}.Debug|Any CPU.Build.0 = Debug|Any CPU
		{D098D6B0-9968-49B4-A1B7-71C8BB343E76}.Debug|x64.ActiveCfg = Debug|Any CPU
		{D098D6B0-9968-49B4-A1B7-71C8BB343E76}.Debug|x64.Build.0 = Debug|Any CPU
		{D098D6B0-9968-49B4-A1B7-71C8BB343E76}.Debug|x86.ActiveCfg = Debug|Any CPU
		{D098D6B0-9968-49B4-A1B7-71C8BB343E76}.Debug|x86.Build.0 = Debug|Any CPU
		{D098D6B0-9968-49B4-A1B7-71C8BB343E76}.Release|Any CPU.ActiveCfg = Release|Any CPU
		{D098D6B0-9968-49B4-A1B7-71C8BB343E76}.Release|Any CPU.Build.0 = Release|Any CPU
		{D098D6B0-9968-49B4-A1B7-71C8BB343E76}.Release|x64.ActiveCfg = Release|Any CPU
		{D098D6B0-9968-49B4-A1B7-71C8BB343E76}.Release|x64.Build.0 = Release|Any CPU
		{D098D6B0-9968-49B4-A1B7-71C8BB343E76}.Release|x86.ActiveCfg = Release|Any CPU
		{D098D6B0-9968-49B4-A1B7-71C8BB343E76}.Release|x86.Build.0 = Release|Any CPU
	EndGlobalSection
	GlobalSection(SolutionProperties) = preSolution
		HideSolutionNode = FALSE
	EndGlobalSection
	GlobalSection(ExtensibilityGlobals) = postSolution
		SolutionGuid = {203A3162-BE45-4721-937D-6804E0E1AFF8}
	EndGlobalSection
	GlobalSection(NestedProjects) = preSolution
		{C35FE352-5D75-45FD-8CD4-CB75C81B51DC} = {0FD5C1EA-CB58-43FF-9547-BC3CA4C4CD21}
		{16048077-7217-4D79-BC01-90C1EC2E1BAA} = {0FD5C1EA-CB58-43FF-9547-BC3CA4C4CD21}
		{73A24615-8BB3-4A94-AEF6-AFD4872389EE} = {0FD5C1EA-CB58-43FF-9547-BC3CA4C4CD21}
		{03FF0173-4247-4E34-BBA9-9F8F4CE9BE30} = {0FD5C1EA-CB58-43FF-9547-BC3CA4C4CD21}
		{D098D6B0-9968-49B4-A1B7-71C8BB343E76} = {0FD5C1EA-CB58-43FF-9547-BC3CA4C4CD21}
	EndGlobalSection
EndGlobal
