
Microsoft Visual Studio Solution File, Format Version 12.00
# Visual Studio Version 17
VisualStudioVersion = 17.1.32414.318
MinimumVisualStudioVersion = 15.0.26124.0
Project("{9A19103F-16F7-4668-BE54-9A1E7A4F7556}") = "BTCPayServer", "BTCPayServer\BTCPayServer.csproj", "{949A0870-8D8C-4DE5-8845-DDD560489177}"
EndProject
Project("{9A19103F-16F7-4668-BE54-9A1E7A4F7556}") = "BTCPayServer.Tests", "BTCPayServer.Tests\BTCPayServer.Tests.csproj", "{B373F439-6E75-4A94-985D-10A0C7C500D0}"
EndProject
Project("{2150E333-8FDC-42A3-9474-1A3956D46DE8}") = "Misc", "Misc", "{29290EC7-00E6-4C4B-96D9-4D7E9611DF28}"
	ProjectSection(SolutionItems) = preProject
		.editorconfig = .editorconfig
		amd64.Dockerfile = amd64.Dockerfile
		arm32v7.Dockerfile = arm32v7.Dockerfile
		arm64v8.Dockerfile = arm64v8.Dockerfile
		Changelog.md = Changelog.md
		.github\codeql\codeql-config.yml = .github\codeql\codeql-config.yml
		Build\Common.csproj = Build\Common.csproj
		.circleci\config.yml = .circleci\config.yml
		docker-entrypoint.sh = docker-entrypoint.sh
		.circleci\run-tests.sh = .circleci\run-tests.sh
		Build\Version.csproj = Build\Version.csproj
	EndProjectSection
EndProject
Project("{9A19103F-16F7-4668-BE54-9A1E7A4F7556}") = "BTCPayServer.Rating", "BTCPayServer.Rating\BTCPayServer.Rating.csproj", "{6DC77459-D52F-45EE-B3F3-315043D33A1B}"
EndProject
Project("{9A19103F-16F7-4668-BE54-9A1E7A4F7556}") = "BTCPayServer.Common", "BTCPayServer.Common\BTCPayServer.Common.csproj", "{4BE42370-6114-4176-BFB3-37C6B6DA094D}"
EndProject
Project("{9A19103F-16F7-4668-BE54-9A1E7A4F7556}") = "BTCPayServer.Data", "BTCPayServer.Data\BTCPayServer.Data.csproj", "{4D7A865D-3945-4C70-9CC8-B09A274A697E}"
EndProject
Project("{9A19103F-16F7-4668-BE54-9A1E7A4F7556}") = "BTCPayServer.Client", "BTCPayServer.Client\BTCPayServer.Client.csproj", "{21A13304-7168-49A0-86C2-0A1A9453E9C7}"
EndProject
Project("{9A19103F-16F7-4668-BE54-9A1E7A4F7556}") = "BTCPayServer.Abstractions", "BTCPayServer.Abstractions\BTCPayServer.Abstractions.csproj", "{A0D50BB6-FE2C-4671-8693-F7582B66178F}"
EndProject
Project("{9A19103F-16F7-4668-BE54-9A1E7A4F7556}") = "BTCPayServer.PluginPacker", "BTCPayServer.PluginPacker\BTCPayServer.PluginPacker.csproj", "{7DC94B25-1CFC-4170-AA41-7BA983E4C0B8}"
EndProject
Global
	GlobalSection(SolutionConfigurationPlatforms) = preSolution
		Altcoins-Debug|Any CPU = Altcoins-Debug|Any CPU
		Altcoins-Debug|x64 = Altcoins-Debug|x64
		Altcoins-Debug|x86 = Altcoins-Debug|x86
		Altcoins-Release|Any CPU = Altcoins-Release|Any CPU
		Altcoins-Release|x64 = Altcoins-Release|x64
		Altcoins-Release|x86 = Altcoins-Release|x86
		Debug|Any CPU = Debug|Any CPU
		Debug|x64 = Debug|x64
		Debug|x86 = Debug|x86
		Release|Any CPU = Release|Any CPU
		Release|x64 = Release|x64
		Release|x86 = Release|x86
	EndGlobalSection
	GlobalSection(ProjectConfigurationPlatforms) = postSolution
		{949A0870-8D8C-4DE5-8845-DDD560489177}.Altcoins-Debug|Any CPU.ActiveCfg = Altcoins-Debug|Any CPU
		{949A0870-8D8C-4DE5-8845-DDD560489177}.Altcoins-Debug|Any CPU.Build.0 = Altcoins-Debug|Any CPU
		{949A0870-8D8C-4DE5-8845-DDD560489177}.Altcoins-Debug|x64.ActiveCfg = Altcoins-Debug|Any CPU
		{949A0870-8D8C-4DE5-8845-DDD560489177}.Altcoins-Debug|x64.Build.0 = Altcoins-Debug|Any CPU
		{949A0870-8D8C-4DE5-8845-DDD560489177}.Altcoins-Debug|x86.ActiveCfg = Altcoins-Debug|Any CPU
		{949A0870-8D8C-4DE5-8845-DDD560489177}.Altcoins-Debug|x86.Build.0 = Altcoins-Debug|Any CPU
		{949A0870-8D8C-4DE5-8845-DDD560489177}.Altcoins-Release|Any CPU.ActiveCfg = Altcoins-Release|Any CPU
		{949A0870-8D8C-4DE5-8845-DDD560489177}.Altcoins-Release|Any CPU.Build.0 = Altcoins-Release|Any CPU
		{949A0870-8D8C-4DE5-8845-DDD560489177}.Altcoins-Release|x64.ActiveCfg = Altcoins-Release|Any CPU
		{949A0870-8D8C-4DE5-8845-DDD560489177}.Altcoins-Release|x64.Build.0 = Altcoins-Release|Any CPU
		{949A0870-8D8C-4DE5-8845-DDD560489177}.Altcoins-Release|x86.ActiveCfg = Altcoins-Release|Any CPU
		{949A0870-8D8C-4DE5-8845-DDD560489177}.Altcoins-Release|x86.Build.0 = Altcoins-Release|Any CPU
		{949A0870-8D8C-4DE5-8845-DDD560489177}.Debug|Any CPU.ActiveCfg = Debug|Any CPU
		{949A0870-8D8C-4DE5-8845-DDD560489177}.Debug|Any CPU.Build.0 = Debug|Any CPU
		{949A0870-8D8C-4DE5-8845-DDD560489177}.Debug|x64.ActiveCfg = Debug|Any CPU
		{949A0870-8D8C-4DE5-8845-DDD560489177}.Debug|x64.Build.0 = Debug|Any CPU
		{949A0870-8D8C-4DE5-8845-DDD560489177}.Debug|x86.ActiveCfg = Debug|Any CPU
		{949A0870-8D8C-4DE5-8845-DDD560489177}.Debug|x86.Build.0 = Debug|Any CPU
		{949A0870-8D8C-4DE5-8845-DDD560489177}.Release|Any CPU.ActiveCfg = Release|Any CPU
		{949A0870-8D8C-4DE5-8845-DDD560489177}.Release|Any CPU.Build.0 = Release|Any CPU
		{949A0870-8D8C-4DE5-8845-DDD560489177}.Release|x64.ActiveCfg = Release|Any CPU
		{949A0870-8D8C-4DE5-8845-DDD560489177}.Release|x64.Build.0 = Release|Any CPU
		{949A0870-8D8C-4DE5-8845-DDD560489177}.Release|x86.ActiveCfg = Release|Any CPU
		{949A0870-8D8C-4DE5-8845-DDD560489177}.Release|x86.Build.0 = Release|Any CPU
		{B373F439-6E75-4A94-985D-10A0C7C500D0}.Altcoins-Debug|Any CPU.ActiveCfg = Altcoins-Debug|Any CPU
		{B373F439-6E75-4A94-985D-10A0C7C500D0}.Altcoins-Debug|Any CPU.Build.0 = Altcoins-Debug|Any CPU
		{B373F439-6E75-4A94-985D-10A0C7C500D0}.Altcoins-Debug|x64.ActiveCfg = Altcoins-Debug|Any CPU
		{B373F439-6E75-4A94-985D-10A0C7C500D0}.Altcoins-Debug|x64.Build.0 = Altcoins-Debug|Any CPU
		{B373F439-6E75-4A94-985D-10A0C7C500D0}.Altcoins-Debug|x86.ActiveCfg = Altcoins-Debug|Any CPU
		{B373F439-6E75-4A94-985D-10A0C7C500D0}.Altcoins-Debug|x86.Build.0 = Altcoins-Debug|Any CPU
		{B373F439-6E75-4A94-985D-10A0C7C500D0}.Altcoins-Release|Any CPU.ActiveCfg = Altcoins-Release|Any CPU
		{B373F439-6E75-4A94-985D-10A0C7C500D0}.Altcoins-Release|Any CPU.Build.0 = Altcoins-Release|Any CPU
		{B373F439-6E75-4A94-985D-10A0C7C500D0}.Altcoins-Release|x64.ActiveCfg = Altcoins-Release|Any CPU
		{B373F439-6E75-4A94-985D-10A0C7C500D0}.Altcoins-Release|x64.Build.0 = Altcoins-Release|Any CPU
		{B373F439-6E75-4A94-985D-10A0C7C500D0}.Altcoins-Release|x86.ActiveCfg = Altcoins-Release|Any CPU
		{B373F439-6E75-4A94-985D-10A0C7C500D0}.Altcoins-Release|x86.Build.0 = Altcoins-Release|Any CPU
		{B373F439-6E75-4A94-985D-10A0C7C500D0}.Debug|Any CPU.ActiveCfg = Debug|Any CPU
		{B373F439-6E75-4A94-985D-10A0C7C500D0}.Debug|Any CPU.Build.0 = Debug|Any CPU
		{B373F439-6E75-4A94-985D-10A0C7C500D0}.Debug|x64.ActiveCfg = Debug|Any CPU
		{B373F439-6E75-4A94-985D-10A0C7C500D0}.Debug|x64.Build.0 = Debug|Any CPU
		{B373F439-6E75-4A94-985D-10A0C7C500D0}.Debug|x86.ActiveCfg = Debug|Any CPU
		{B373F439-6E75-4A94-985D-10A0C7C500D0}.Debug|x86.Build.0 = Debug|Any CPU
		{B373F439-6E75-4A94-985D-10A0C7C500D0}.Release|Any CPU.ActiveCfg = Release|Any CPU
		{B373F439-6E75-4A94-985D-10A0C7C500D0}.Release|Any CPU.Build.0 = Release|Any CPU
		{B373F439-6E75-4A94-985D-10A0C7C500D0}.Release|x64.ActiveCfg = Release|Any CPU
		{B373F439-6E75-4A94-985D-10A0C7C500D0}.Release|x64.Build.0 = Release|Any CPU
		{B373F439-6E75-4A94-985D-10A0C7C500D0}.Release|x86.ActiveCfg = Release|Any CPU
		{B373F439-6E75-4A94-985D-10A0C7C500D0}.Release|x86.Build.0 = Release|Any CPU
		{6DC77459-D52F-45EE-B3F3-315043D33A1B}.Altcoins-Debug|Any CPU.ActiveCfg = Altcoins-Debug|Any CPU
		{6DC77459-D52F-45EE-B3F3-315043D33A1B}.Altcoins-Debug|Any CPU.Build.0 = Altcoins-Debug|Any CPU
		{6DC77459-D52F-45EE-B3F3-315043D33A1B}.Altcoins-Debug|x64.ActiveCfg = Altcoins-Debug|Any CPU
		{6DC77459-D52F-45EE-B3F3-315043D33A1B}.Altcoins-Debug|x64.Build.0 = Altcoins-Debug|Any CPU
		{6DC77459-D52F-45EE-B3F3-315043D33A1B}.Altcoins-Debug|x86.ActiveCfg = Altcoins-Debug|Any CPU
		{6DC77459-D52F-45EE-B3F3-315043D33A1B}.Altcoins-Debug|x86.Build.0 = Altcoins-Debug|Any CPU
		{6DC77459-D52F-45EE-B3F3-315043D33A1B}.Altcoins-Release|Any CPU.ActiveCfg = Altcoins-Release|Any CPU
		{6DC77459-D52F-45EE-B3F3-315043D33A1B}.Altcoins-Release|Any CPU.Build.0 = Altcoins-Release|Any CPU
		{6DC77459-D52F-45EE-B3F3-315043D33A1B}.Altcoins-Release|x64.ActiveCfg = Altcoins-Release|Any CPU
		{6DC77459-D52F-45EE-B3F3-315043D33A1B}.Altcoins-Release|x64.Build.0 = Altcoins-Release|Any CPU
		{6DC77459-D52F-45EE-B3F3-315043D33A1B}.Altcoins-Release|x86.ActiveCfg = Altcoins-Release|Any CPU
		{6DC77459-D52F-45EE-B3F3-315043D33A1B}.Altcoins-Release|x86.Build.0 = Altcoins-Release|Any CPU
		{6DC77459-D52F-45EE-B3F3-315043D33A1B}.Debug|Any CPU.ActiveCfg = Debug|Any CPU
		{6DC77459-D52F-45EE-B3F3-315043D33A1B}.Debug|Any CPU.Build.0 = Debug|Any CPU
		{6DC77459-D52F-45EE-B3F3-315043D33A1B}.Debug|x64.ActiveCfg = Debug|Any CPU
		{6DC77459-D52F-45EE-B3F3-315043D33A1B}.Debug|x64.Build.0 = Debug|Any CPU
		{6DC77459-D52F-45EE-B3F3-315043D33A1B}.Debug|x86.ActiveCfg = Debug|Any CPU
		{6DC77459-D52F-45EE-B3F3-315043D33A1B}.Debug|x86.Build.0 = Debug|Any CPU
		{6DC77459-D52F-45EE-B3F3-315043D33A1B}.Release|Any CPU.ActiveCfg = Release|Any CPU
		{6DC77459-D52F-45EE-B3F3-315043D33A1B}.Release|Any CPU.Build.0 = Release|Any CPU
		{6DC77459-D52F-45EE-B3F3-315043D33A1B}.Release|x64.ActiveCfg = Release|Any CPU
		{6DC77459-D52F-45EE-B3F3-315043D33A1B}.Release|x64.Build.0 = Release|Any CPU
		{6DC77459-D52F-45EE-B3F3-315043D33A1B}.Release|x86.ActiveCfg = Release|Any CPU
		{6DC77459-D52F-45EE-B3F3-315043D33A1B}.Release|x86.Build.0 = Release|Any CPU
		{4BE42370-6114-4176-BFB3-37C6B6DA094D}.Altcoins-Debug|Any CPU.ActiveCfg = Altcoins-Debug|Any CPU
		{4BE42370-6114-4176-BFB3-37C6B6DA094D}.Altcoins-Debug|Any CPU.Build.0 = Altcoins-Debug|Any CPU
		{4BE42370-6114-4176-BFB3-37C6B6DA094D}.Altcoins-Debug|x64.ActiveCfg = Altcoins-Debug|Any CPU
		{4BE42370-6114-4176-BFB3-37C6B6DA094D}.Altcoins-Debug|x64.Build.0 = Altcoins-Debug|Any CPU
		{4BE42370-6114-4176-BFB3-37C6B6DA094D}.Altcoins-Debug|x86.ActiveCfg = Altcoins-Debug|Any CPU
		{4BE42370-6114-4176-BFB3-37C6B6DA094D}.Altcoins-Debug|x86.Build.0 = Altcoins-Debug|Any CPU
		{4BE42370-6114-4176-BFB3-37C6B6DA094D}.Altcoins-Release|Any CPU.ActiveCfg = Altcoins-Release|Any CPU
		{4BE42370-6114-4176-BFB3-37C6B6DA094D}.Altcoins-Release|Any CPU.Build.0 = Altcoins-Release|Any CPU
		{4BE42370-6114-4176-BFB3-37C6B6DA094D}.Altcoins-Release|x64.ActiveCfg = Altcoins-Release|Any CPU
		{4BE42370-6114-4176-BFB3-37C6B6DA094D}.Altcoins-Release|x64.Build.0 = Altcoins-Release|Any CPU
		{4BE42370-6114-4176-BFB3-37C6B6DA094D}.Altcoins-Release|x86.ActiveCfg = Altcoins-Release|Any CPU
		{4BE42370-6114-4176-BFB3-37C6B6DA094D}.Altcoins-Release|x86.Build.0 = Altcoins-Release|Any CPU
		{4BE42370-6114-4176-BFB3-37C6B6DA094D}.Debug|Any CPU.ActiveCfg = Debug|Any CPU
		{4BE42370-6114-4176-BFB3-37C6B6DA094D}.Debug|Any CPU.Build.0 = Debug|Any CPU
		{4BE42370-6114-4176-BFB3-37C6B6DA094D}.Debug|x64.ActiveCfg = Debug|Any CPU
		{4BE42370-6114-4176-BFB3-37C6B6DA094D}.Debug|x64.Build.0 = Debug|Any CPU
		{4BE42370-6114-4176-BFB3-37C6B6DA094D}.Debug|x86.ActiveCfg = Debug|Any CPU
		{4BE42370-6114-4176-BFB3-37C6B6DA094D}.Debug|x86.Build.0 = Debug|Any CPU
		{4BE42370-6114-4176-BFB3-37C6B6DA094D}.Release|Any CPU.ActiveCfg = Release|Any CPU
		{4BE42370-6114-4176-BFB3-37C6B6DA094D}.Release|Any CPU.Build.0 = Release|Any CPU
		{4BE42370-6114-4176-BFB3-37C6B6DA094D}.Release|x64.ActiveCfg = Release|Any CPU
		{4BE42370-6114-4176-BFB3-37C6B6DA094D}.Release|x64.Build.0 = Release|Any CPU
		{4BE42370-6114-4176-BFB3-37C6B6DA094D}.Release|x86.ActiveCfg = Release|Any CPU
		{4BE42370-6114-4176-BFB3-37C6B6DA094D}.Release|x86.Build.0 = Release|Any CPU
		{4D7A865D-3945-4C70-9CC8-B09A274A697E}.Altcoins-Debug|Any CPU.ActiveCfg = Altcoins-Debug|Any CPU
		{4D7A865D-3945-4C70-9CC8-B09A274A697E}.Altcoins-Debug|Any CPU.Build.0 = Altcoins-Debug|Any CPU
		{4D7A865D-3945-4C70-9CC8-B09A274A697E}.Altcoins-Debug|x64.ActiveCfg = Altcoins-Debug|Any CPU
		{4D7A865D-3945-4C70-9CC8-B09A274A697E}.Altcoins-Debug|x64.Build.0 = Altcoins-Debug|Any CPU
		{4D7A865D-3945-4C70-9CC8-B09A274A697E}.Altcoins-Debug|x86.ActiveCfg = Altcoins-Debug|Any CPU
		{4D7A865D-3945-4C70-9CC8-B09A274A697E}.Altcoins-Debug|x86.Build.0 = Altcoins-Debug|Any CPU
		{4D7A865D-3945-4C70-9CC8-B09A274A697E}.Altcoins-Release|Any CPU.ActiveCfg = Altcoins-Release|Any CPU
		{4D7A865D-3945-4C70-9CC8-B09A274A697E}.Altcoins-Release|Any CPU.Build.0 = Altcoins-Release|Any CPU
		{4D7A865D-3945-4C70-9CC8-B09A274A697E}.Altcoins-Release|x64.ActiveCfg = Altcoins-Release|Any CPU
		{4D7A865D-3945-4C70-9CC8-B09A274A697E}.Altcoins-Release|x64.Build.0 = Altcoins-Release|Any CPU
		{4D7A865D-3945-4C70-9CC8-B09A274A697E}.Altcoins-Release|x86.ActiveCfg = Altcoins-Release|Any CPU
		{4D7A865D-3945-4C70-9CC8-B09A274A697E}.Altcoins-Release|x86.Build.0 = Altcoins-Release|Any CPU
		{4D7A865D-3945-4C70-9CC8-B09A274A697E}.Debug|Any CPU.ActiveCfg = Debug|Any CPU
		{4D7A865D-3945-4C70-9CC8-B09A274A697E}.Debug|Any CPU.Build.0 = Debug|Any CPU
		{4D7A865D-3945-4C70-9CC8-B09A274A697E}.Debug|x64.ActiveCfg = Debug|Any CPU
		{4D7A865D-3945-4C70-9CC8-B09A274A697E}.Debug|x64.Build.0 = Debug|Any CPU
		{4D7A865D-3945-4C70-9CC8-B09A274A697E}.Debug|x86.ActiveCfg = Debug|Any CPU
		{4D7A865D-3945-4C70-9CC8-B09A274A697E}.Debug|x86.Build.0 = Debug|Any CPU
		{4D7A865D-3945-4C70-9CC8-B09A274A697E}.Release|Any CPU.ActiveCfg = Release|Any CPU
		{4D7A865D-3945-4C70-9CC8-B09A274A697E}.Release|Any CPU.Build.0 = Release|Any CPU
		{4D7A865D-3945-4C70-9CC8-B09A274A697E}.Release|x64.ActiveCfg = Release|Any CPU
		{4D7A865D-3945-4C70-9CC8-B09A274A697E}.Release|x64.Build.0 = Release|Any CPU
		{4D7A865D-3945-4C70-9CC8-B09A274A697E}.Release|x86.ActiveCfg = Release|Any CPU
		{4D7A865D-3945-4C70-9CC8-B09A274A697E}.Release|x86.Build.0 = Release|Any CPU
		{21A13304-7168-49A0-86C2-0A1A9453E9C7}.Altcoins-Debug|Any CPU.ActiveCfg = Debug|Any CPU
		{21A13304-7168-49A0-86C2-0A1A9453E9C7}.Altcoins-Debug|Any CPU.Build.0 = Debug|Any CPU
		{21A13304-7168-49A0-86C2-0A1A9453E9C7}.Altcoins-Debug|x64.ActiveCfg = Debug|Any CPU
		{21A13304-7168-49A0-86C2-0A1A9453E9C7}.Altcoins-Debug|x64.Build.0 = Debug|Any CPU
		{21A13304-7168-49A0-86C2-0A1A9453E9C7}.Altcoins-Debug|x86.ActiveCfg = Debug|Any CPU
		{21A13304-7168-49A0-86C2-0A1A9453E9C7}.Altcoins-Debug|x86.Build.0 = Debug|Any CPU
		{21A13304-7168-49A0-86C2-0A1A9453E9C7}.Altcoins-Release|Any CPU.ActiveCfg = Release|Any CPU
		{21A13304-7168-49A0-86C2-0A1A9453E9C7}.Altcoins-Release|Any CPU.Build.0 = Release|Any CPU
		{21A13304-7168-49A0-86C2-0A1A9453E9C7}.Altcoins-Release|x64.ActiveCfg = Release|Any CPU
		{21A13304-7168-49A0-86C2-0A1A9453E9C7}.Altcoins-Release|x64.Build.0 = Release|Any CPU
		{21A13304-7168-49A0-86C2-0A1A9453E9C7}.Altcoins-Release|x86.ActiveCfg = Release|Any CPU
		{21A13304-7168-49A0-86C2-0A1A9453E9C7}.Altcoins-Release|x86.Build.0 = Release|Any CPU
		{21A13304-7168-49A0-86C2-0A1A9453E9C7}.Debug|Any CPU.ActiveCfg = Debug|Any CPU
		{21A13304-7168-49A0-86C2-0A1A9453E9C7}.Debug|Any CPU.Build.0 = Debug|Any CPU
		{21A13304-7168-49A0-86C2-0A1A9453E9C7}.Debug|x64.ActiveCfg = Debug|Any CPU
		{21A13304-7168-49A0-86C2-0A1A9453E9C7}.Debug|x64.Build.0 = Debug|Any CPU
		{21A13304-7168-49A0-86C2-0A1A9453E9C7}.Debug|x86.ActiveCfg = Debug|Any CPU
		{21A13304-7168-49A0-86C2-0A1A9453E9C7}.Debug|x86.Build.0 = Debug|Any CPU
		{21A13304-7168-49A0-86C2-0A1A9453E9C7}.Release|Any CPU.ActiveCfg = Release|Any CPU
		{21A13304-7168-49A0-86C2-0A1A9453E9C7}.Release|Any CPU.Build.0 = Release|Any CPU
		{21A13304-7168-49A0-86C2-0A1A9453E9C7}.Release|x64.ActiveCfg = Release|Any CPU
		{21A13304-7168-49A0-86C2-0A1A9453E9C7}.Release|x64.Build.0 = Release|Any CPU
		{21A13304-7168-49A0-86C2-0A1A9453E9C7}.Release|x86.ActiveCfg = Release|Any CPU
		{21A13304-7168-49A0-86C2-0A1A9453E9C7}.Release|x86.Build.0 = Release|Any CPU
		{A0D50BB6-FE2C-4671-8693-F7582B66178F}.Altcoins-Debug|Any CPU.ActiveCfg = Debug|Any CPU
		{A0D50BB6-FE2C-4671-8693-F7582B66178F}.Altcoins-Debug|Any CPU.Build.0 = Debug|Any CPU
		{A0D50BB6-FE2C-4671-8693-F7582B66178F}.Altcoins-Debug|x64.ActiveCfg = Debug|Any CPU
		{A0D50BB6-FE2C-4671-8693-F7582B66178F}.Altcoins-Debug|x64.Build.0 = Debug|Any CPU
		{A0D50BB6-FE2C-4671-8693-F7582B66178F}.Altcoins-Debug|x86.ActiveCfg = Debug|Any CPU
		{A0D50BB6-FE2C-4671-8693-F7582B66178F}.Altcoins-Debug|x86.Build.0 = Debug|Any CPU
		{A0D50BB6-FE2C-4671-8693-F7582B66178F}.Altcoins-Release|Any CPU.ActiveCfg = Debug|Any CPU
		{A0D50BB6-FE2C-4671-8693-F7582B66178F}.Altcoins-Release|Any CPU.Build.0 = Debug|Any CPU
		{A0D50BB6-FE2C-4671-8693-F7582B66178F}.Altcoins-Release|x64.ActiveCfg = Debug|Any CPU
		{A0D50BB6-FE2C-4671-8693-F7582B66178F}.Altcoins-Release|x64.Build.0 = Debug|Any CPU
		{A0D50BB6-FE2C-4671-8693-F7582B66178F}.Altcoins-Release|x86.ActiveCfg = Debug|Any CPU
		{A0D50BB6-FE2C-4671-8693-F7582B66178F}.Altcoins-Release|x86.Build.0 = Debug|Any CPU
		{A0D50BB6-FE2C-4671-8693-F7582B66178F}.Debug|Any CPU.ActiveCfg = Debug|Any CPU
		{A0D50BB6-FE2C-4671-8693-F7582B66178F}.Debug|Any CPU.Build.0 = Debug|Any CPU
		{A0D50BB6-FE2C-4671-8693-F7582B66178F}.Debug|x64.ActiveCfg = Debug|Any CPU
		{A0D50BB6-FE2C-4671-8693-F7582B66178F}.Debug|x64.Build.0 = Debug|Any CPU
		{A0D50BB6-FE2C-4671-8693-F7582B66178F}.Debug|x86.ActiveCfg = Debug|Any CPU
		{A0D50BB6-FE2C-4671-8693-F7582B66178F}.Debug|x86.Build.0 = Debug|Any CPU
		{A0D50BB6-FE2C-4671-8693-F7582B66178F}.Release|Any CPU.ActiveCfg = Release|Any CPU
		{A0D50BB6-FE2C-4671-8693-F7582B66178F}.Release|Any CPU.Build.0 = Release|Any CPU
		{A0D50BB6-FE2C-4671-8693-F7582B66178F}.Release|x64.ActiveCfg = Release|Any CPU
		{A0D50BB6-FE2C-4671-8693-F7582B66178F}.Release|x64.Build.0 = Release|Any CPU
		{A0D50BB6-FE2C-4671-8693-F7582B66178F}.Release|x86.ActiveCfg = Release|Any CPU
		{A0D50BB6-FE2C-4671-8693-F7582B66178F}.Release|x86.Build.0 = Release|Any CPU
		{7DC94B25-1CFC-4170-AA41-7BA983E4C0B8}.Altcoins-Debug|Any CPU.ActiveCfg = Debug|Any CPU
		{7DC94B25-1CFC-4170-AA41-7BA983E4C0B8}.Altcoins-Debug|Any CPU.Build.0 = Debug|Any CPU
		{7DC94B25-1CFC-4170-AA41-7BA983E4C0B8}.Altcoins-Debug|x64.ActiveCfg = Debug|Any CPU
		{7DC94B25-1CFC-4170-AA41-7BA983E4C0B8}.Altcoins-Debug|x64.Build.0 = Debug|Any CPU
		{7DC94B25-1CFC-4170-AA41-7BA983E4C0B8}.Altcoins-Debug|x86.ActiveCfg = Debug|Any CPU
		{7DC94B25-1CFC-4170-AA41-7BA983E4C0B8}.Altcoins-Debug|x86.Build.0 = Debug|Any CPU
		{7DC94B25-1CFC-4170-AA41-7BA983E4C0B8}.Altcoins-Release|Any CPU.ActiveCfg = Debug|Any CPU
		{7DC94B25-1CFC-4170-AA41-7BA983E4C0B8}.Altcoins-Release|Any CPU.Build.0 = Debug|Any CPU
		{7DC94B25-1CFC-4170-AA41-7BA983E4C0B8}.Altcoins-Release|x64.ActiveCfg = Debug|Any CPU
		{7DC94B25-1CFC-4170-AA41-7BA983E4C0B8}.Altcoins-Release|x64.Build.0 = Debug|Any CPU
		{7DC94B25-1CFC-4170-AA41-7BA983E4C0B8}.Altcoins-Release|x86.ActiveCfg = Debug|Any CPU
		{7DC94B25-1CFC-4170-AA41-7BA983E4C0B8}.Altcoins-Release|x86.Build.0 = Debug|Any CPU
		{7DC94B25-1CFC-4170-AA41-7BA983E4C0B8}.Debug|Any CPU.ActiveCfg = Debug|Any CPU
		{7DC94B25-1CFC-4170-AA41-7BA983E4C0B8}.Debug|Any CPU.Build.0 = Debug|Any CPU
		{7DC94B25-1CFC-4170-AA41-7BA983E4C0B8}.Debug|x64.ActiveCfg = Debug|Any CPU
		{7DC94B25-1CFC-4170-AA41-7BA983E4C0B8}.Debug|x64.Build.0 = Debug|Any CPU
		{7DC94B25-1CFC-4170-AA41-7BA983E4C0B8}.Debug|x86.ActiveCfg = Debug|Any CPU
		{7DC94B25-1CFC-4170-AA41-7BA983E4C0B8}.Debug|x86.Build.0 = Debug|Any CPU
		{7DC94B25-1CFC-4170-AA41-7BA983E4C0B8}.Release|Any CPU.ActiveCfg = Release|Any CPU
		{7DC94B25-1CFC-4170-AA41-7BA983E4C0B8}.Release|Any CPU.Build.0 = Release|Any CPU
		{7DC94B25-1CFC-4170-AA41-7BA983E4C0B8}.Release|x64.ActiveCfg = Release|Any CPU
		{7DC94B25-1CFC-4170-AA41-7BA983E4C0B8}.Release|x64.Build.0 = Release|Any CPU
		{7DC94B25-1CFC-4170-AA41-7BA983E4C0B8}.Release|x86.ActiveCfg = Release|Any CPU
		{7DC94B25-1CFC-4170-AA41-7BA983E4C0B8}.Release|x86.Build.0 = Release|Any CPU
	EndGlobalSection
	GlobalSection(SolutionProperties) = preSolution
		HideSolutionNode = FALSE
	EndGlobalSection
	GlobalSection(ExtensibilityGlobals) = postSolution
		SolutionGuid = {203A3162-BE45-4721-937D-6804E0E1AFF8}
	EndGlobalSection
EndGlobal
