
Microsoft Visual Studio Solution File, Format Version 12.00
# Visual Studio 2017
Project("{FAE04EC0-301F-11D3-BF4B-00C04F79EFBC}") = "BTCPayServer.Tests", "BTCPayServer.Tests.csproj", "{52BDF0DF-1EBD-4737-9381-96861BA13DB9}"
EndProject
Global
	GlobalSection(SolutionConfigurationPlatforms) = preSolution
		Debug|Any CPU = Debug|Any CPU
		Release|Any CPU = Release|Any CPU
	EndGlobalSection
	GlobalSection(ProjectConfigurationPlatforms) = postSolution
		{52BDF0DF-1EBD-4737-9381-96861BA13DB9}.Debug|Any CPU.ActiveCfg = Debug|Any CPU
		{52BDF0DF-1EBD-4737-9381-96861BA13DB9}.Debug|Any CPU.Build.0 = Debug|Any CPU
		{52BDF0DF-1EBD-4737-9381-96861BA13DB9}.Release|Any CPU.ActiveCfg = Release|Any CPU
		{52BDF0DF-1EBD-4737-9381-96861BA13DB9}.Release|Any CPU.Build.0 = Release|Any CPU
	EndGlobalSection
EndGlobal
