
Microsoft Visual Studio Solution File, Format Version 12.00
# Visual Studio 2017
Project("{FAE04EC0-301F-11D3-BF4B-00C04F79EFBC}") = "BTCPayServer.Tests", "BTCPayServer.Tests.csproj", "{425128B6-F14E-4929-9A0C-68B933BF9D89}"
EndProject
Global
	GlobalSection(SolutionConfigurationPlatforms) = preSolution
		Debug|Any CPU = Debug|Any CPU
		Release|Any CPU = Release|Any CPU
	EndGlobalSection
	GlobalSection(ProjectConfigurationPlatforms) = postSolution
		{425128B6-F14E-4929-9A0C-68B933BF9D89}.Debug|Any CPU.ActiveCfg = Debug|Any CPU
		{425128B6-F14E-4929-9A0C-68B933BF9D89}.Debug|Any CPU.Build.0 = Debug|Any CPU
		{425128B6-F14E-4929-9A0C-68B933BF9D89}.Release|Any CPU.ActiveCfg = Release|Any CPU
		{425128B6-F14E-4929-9A0C-68B933BF9D89}.Release|Any CPU.Build.0 = Release|Any CPU
	EndGlobalSection
EndGlobal
