
Microsoft Visual Studio Solution File, Format Version 12.00
# Visual Studio 15
Project("{FAE04EC0-301F-11D3-BF4B-00C04F79EFBC}") = "BTCPayServer", "BTCPayServer.csproj", "{607333BC-409A-4E00-A10B-1F9519E7A4D2}"
EndProject
Global
	GlobalSection(SolutionConfigurationPlatforms) = preSolution
		Debug|Any CPU = Debug|Any CPU
		Release|Any CPU = Release|Any CPU
	EndGlobalSection
	GlobalSection(ProjectConfigurationPlatforms) = postSolution
		{607333BC-409A-4E00-A10B-1F9519E7A4D2}.Debug|Any CPU.ActiveCfg = Debug|Any CPU
		{607333BC-409A-4E00-A10B-1F9519E7A4D2}.Debug|Any CPU.Build.0 = Debug|Any CPU
		{607333BC-409A-4E00-A10B-1F9519E7A4D2}.Release|Any CPU.ActiveCfg = Release|Any CPU
		{607333BC-409A-4E00-A10B-1F9519E7A4D2}.Release|Any CPU.Build.0 = Release|Any CPU
	EndGlobalSection
EndGlobal
