{
  "version": 1,
  "dependencies": {
    "net10.0": {
      "BIP78.Sender": {
        "type": "Direct",
        "requested": "[0.2.5, )",
        "resolved": "0.2.5",
        "contentHash": "23AHv0YsJXkFG8KMa+qSSUaFq2iuik8sDpu+/NG742JsopoHFHb7hfuL1wAr0SPn85P60CPxKnXB4UlKL11RAA==",
        "dependencies": {
          "NBitcoin": "9.0.0"
        }
      },
      "BTCPayServer.Hwi": {
        "type": "Direct",
        "requested": "[2.0.6, )",
        "resolved": "2.0.6",
        "contentHash": "c3/++nmhG2Tcvn28vp46VMjXp9vIN2oEdESOZEXZToCtl9pTiTQCHdazOyaB822WA3tTW87eusy0+q9L6e01Ag==",
        "dependencies": {
          "NBitcoin": "8.0.8"
        }
      },
      "BTCPayServer.Lightning.All": {
        "type": "Direct",
        "requested": "[1.6.15, )",
        "resolved": "1.6.15",
        "contentHash": "UzkuTmxlcW2D7bil7MZZFj7Kp/Z/yG970atA+/m/ekVG9msIxHLXqJ5wYYmLkCgpGjyOdT4Oe6RjTLB759qlfQ==",
        "dependencies": {
          "BTCPayServer.Lightning.CLightning": "1.6.5",
          "BTCPayServer.Lightning.Charge": "1.5.3",
          "BTCPayServer.Lightning.Eclair": "1.5.8",
          "BTCPayServer.Lightning.LNBank": "1.5.4",
          "BTCPayServer.Lightning.LND": "1.5.10",
          "BTCPayServer.Lightning.LNDhub": "1.5.4",
          "BTCPayServer.Lightning.Phoenixd": "1.5.9"
        }
      },
      "BTCPayServer.NTag424": {
        "type": "Direct",
        "requested": "[1.0.25, )",
        "resolved": "1.0.25",
        "contentHash": "VDjJ81QW8dpruWACHD2vxRFpqdH/t+QyVKy88gPWPSPsXdcXTUgKzW9rz8dDem4J2mz6XLPF1SGx11YJz2Spuw=="
      },
      "CsvHelper": {
        "type": "Direct",
        "requested": "[33.1.0, )",
        "resolved": "33.1.0",
        "contentHash": "kqfTOZGrn7NarNeXgjh86JcpTHUoeQDMB8t9NVa/ZtlSYiV1rxfRnQ49WaJsob4AiGrbK0XDzpyKkBwai4F8eg=="
      },
      "Fido2": {
        "type": "Direct",
        "requested": "[4.0.1, )",
        "resolved": "4.0.1",
        "contentHash": "k/+JLt4J4k4zccYwtV1yiRMZEphwj+GacQeVj1p7foEp787a8vJFkHtLnyzSRsnbf9JDYEh7SF8VBWlTTbdsdQ==",
        "dependencies": {
          "Fido2.Models": "4.0.1",
          "Microsoft.IdentityModel.JsonWebTokens": "8.2.0",
          "NSec.Cryptography": "25.4.0"
        }
      },
      "Fido2.AspNet": {
        "type": "Direct",
        "requested": "[4.0.1, )",
        "resolved": "4.0.1",
        "contentHash": "KupbLzUjy40wgQIW21sTl+KmlnJVdFqJqF7bGFhl/g2BzayagYvEl6yllIInZWsVu8AGHAO33OmeO8JZVH+z9w==",
        "dependencies": {
          "Fido2": "4.0.1",
          "Fido2.Models": "4.0.1"
        }
      },
      "JetBrains.Annotations.Sources": {
        "type": "Direct",
        "requested": "[2025.2.4, )",
        "resolved": "2025.2.4",
        "contentHash": "GRmMapcvkyOHdWoiPj6cJXNTPJM6TQFOfb8H9cf+CEMdARqUfMBTTQdNrxY+mbcHcx3fAGJ6E7XfB+ecONBzDw=="
      },
      "LNURL": {
        "type": "Direct",
        "requested": "[0.0.36, )",
        "resolved": "0.0.36",
        "contentHash": "OOqdRaL1aIZ/UsP/73faxRd0G7iIQotcwb/zUsiGscfKEB7eA2/NMr4BWLBHX2RIGW0O+T75C7ov6K1BN2YN4w==",
        "dependencies": {
          "BTCPayServer.Lightning.Common": "1.5.1",
          "Microsoft.AspNet.WebApi.Client": "5.2.9",
          "Newtonsoft.Json": "13.0.3"
        }
      },
      "MailKit": {
        "type": "Direct",
        "requested": "[4.16.0, )",
        "resolved": "4.16.0",
        "contentHash": "trJ82DOpAmo8i1jO1vNE+dGn4mPRyeYfy4swRcAGgMJhPoI1Kohf4OFJJf0+YIj4iUxgxPn8W+ht7e7KiYzSjg==",
        "dependencies": {
          "MimeKit": "4.16.0"
        }
      },
      "Microsoft.AspNetCore.App.Internal.Assets": {
        "type": "Direct",
        "requested": "[10.0.4, )",
        "resolved": "10.0.4",
        "contentHash": "M942X5Vy726SlvFBuoAC4cDczEMlPAFt1mmyFlrkw/QcpdVwVU0DkF4P9JabxX6eWNm9RvaYZHe25FN7oXoxpQ=="
      },
      "Microsoft.AspNetCore.Mvc.NewtonsoftJson": {
        "type": "Direct",
        "requested": "[10.0.6, )",
        "resolved": "10.0.6",
        "contentHash": "4oWPI9F9jQnKPD7v5495HgSAsmOu2rjs6sgf3acwhgi/3ZTjc9lCfTWRAi1/yFYZYtp9NrHuduyk8FVJsJoAHQ==",
        "dependencies": {
          "Microsoft.AspNetCore.JsonPatch": "10.0.6",
          "Newtonsoft.Json": "13.0.3",
          "Newtonsoft.Json.Bson": "1.0.2"
        }
      },
      "Microsoft.AspNetCore.SignalR.Protocols.NewtonsoftJson": {
        "type": "Direct",
        "requested": "[10.0.6, )",
        "resolved": "10.0.6",
        "contentHash": "uexnzIpQFfltfHPPBPq3NI+2DS6nH6s1aevXDHBsIGofdqwfr8DDCr3J3tSvgV0LWFjXAU2RkNkmMPEIm1wt/w==",
        "dependencies": {
          "Newtonsoft.Json": "13.0.3"
        }
      },
      "NBitcoin": {
        "type": "Direct",
        "requested": "[10.0.3, )",
        "resolved": "10.0.3",
        "contentHash": "nuzZn+IziBmZXySg+G48UT2g2YZ7SgjsK9qdIefkRjsbw2ddeQEXuoHFtvB0w2A6YlQgjio09g5Y5PnMHMfZwA==",
        "dependencies": {
          "Newtonsoft.Json": "13.0.1"
        }
      },
      "NBitpayClient": {
        "type": "Direct",
        "requested": "[1.0.0.39, )",
        "resolved": "1.0.0.39",
        "contentHash": "A8QeBY/DQL3cBKniiJG6c1HurSP7TrW2v0bjayXS9wVkr0O4ys04Lk8ZNElkwpGPH9xINsTLQQ8HVqx1zkfbfQ==",
        "dependencies": {
          "NBitcoin": "5.0.40",
          "NETStandard.Library": "1.6.1"
        }
      },
      "Newtonsoft.Json": {
        "type": "Direct",
        "requested": "[13.0.4, )",
        "resolved": "13.0.4",
        "contentHash": "pdgNNMai3zv51W5aq268sujXUyx7SNdE2bj1wZcWjAQrKMFZV260lbqYop1d2GM67JI1huLRwxo9ZqnfF/lC6A=="
      },
      "NicolasDorier.CommandLine": {
        "type": "Direct",
        "requested": "[2.0.0, )",
        "resolved": "2.0.0",
        "contentHash": "6gomT52lcmr851skTYf+pZHPCGDlPI3MiAQUZHPeqtkeyzY3DKv8kOsbRc0BWR13gO/1QPPRd0Qq7hT9V0hzKw=="
      },
      "NicolasDorier.CommandLine.Configuration": {
        "type": "Direct",
        "requested": "[2.0.0, )",
        "resolved": "2.0.0",
        "contentHash": "EravxSGO5WCDOsRXD4K0RCGEblV5mfgCHDF/W7jOzsV0w5Q0vBQN/UPcnKrhTl4Ri40+vu73BpztE4SAvDhWhg==",
        "dependencies": {
          "NicolasDorier.CommandLine": "2.0.0"
        }
      },
      "NicolasDorier.RateLimits": {
        "type": "Direct",
        "requested": "[1.2.3, )",
        "resolved": "1.2.3",
        "contentHash": "5eVCSdyNEpgd2sRH6++RRHsX5mzV1eQSEIXvUzV3YqlNPppsgYDhsO8oy7TFekzbZwwQjfAl4G1uvX3TdHeOKQ=="
      },
      "QRCoder": {
        "type": "Direct",
        "requested": "[1.7.0, )",
        "resolved": "1.7.0",
        "contentHash": "6R3hQkayihGIDjp3F1nLRDBWG+nqahGyOY2+fH4Rll16Vad67oaUUfHkOiMWKiJFnGh+PIGDfUos+0R9m54O1g==",
        "dependencies": {
          "System.Drawing.Common": "6.0.0"
        }
      },
      "Serilog": {
        "type": "Direct",
        "requested": "[4.3.0, )",
        "resolved": "4.3.0",
        "contentHash": "+cDryFR0GRhsGOnZSKwaDzRRl4MupvJ42FhCE4zhQRVanX0Jpg6WuCBk59OVhVDPmab1bB+nRykAnykYELA9qQ=="
      },
      "Serilog.AspNetCore": {
        "type": "Direct",
        "requested": "[10.0.0, )",
        "resolved": "10.0.0",
        "contentHash": "a/cNa1mY4On1oJlfGG1wAvxjp5g7OEzk/Jf/nm7NF9cWoE7KlZw1GldrifUBWm9oKibHkR7Lg/l5jy3y7ACR8w==",
        "dependencies": {
          "Serilog": "4.3.0",
          "Serilog.Extensions.Hosting": "10.0.0",
          "Serilog.Formatting.Compact": "3.0.0",
          "Serilog.Settings.Configuration": "10.0.0",
          "Serilog.Sinks.Console": "6.1.1",
          "Serilog.Sinks.Debug": "3.0.0",
          "Serilog.Sinks.File": "7.0.0"
        }
      },
      "Serilog.Sinks.File": {
        "type": "Direct",
        "requested": "[7.0.0, )",
        "resolved": "7.0.0",
        "contentHash": "fKL7mXv7qaiNBUC71ssvn/dU0k9t0o45+qm2XgKAlSt19xF+ijjxyA3R6HmCgfKEKwfcfkwWjayuQtRueZFkYw==",
        "dependencies": {
          "Serilog": "4.2.0"
        }
      },
      "SSH.NET": {
        "type": "Direct",
        "requested": "[2025.1.0, )",
        "resolved": "2025.1.0",
        "contentHash": "jrnbtf0ItVaXAe6jE8X/kSLa6uC+0C+7W1vepcnRQB/rD88qy4IxG7Lf1FIbWmkoc4iVXv0pKrz+Wc6J4ngmHw==",
        "dependencies": {
          "BouncyCastle.Cryptography": "2.6.2"
        }
      },
      "TwentyTwenty.Storage": {
        "type": "Direct",
        "requested": "[2.26.1, )",
        "resolved": "2.26.1",
        "contentHash": "m9NvLJYWbY21odZD2qLW8LeQhDK2cCitnPRZhITnvF4NQvFuJU+j/BBB/q4CSsD267Ucj2MR/fWzAfLYCvvHWA=="
      },
      "TwentyTwenty.Storage.Amazon": {
        "type": "Direct",
        "requested": "[2.26.1, )",
        "resolved": "2.26.1",
        "contentHash": "x5EJBCzP/fKqBso52Ktnvk3Mci9bDl2vEvTbJUVqUVYkMI4sBsaJj8qSR0htVvWUtN97xg8tFFFYGEnhbm0YeA==",
        "dependencies": {
          "AWSSDK.S3": "3.7.307.15",
          "TwentyTwenty.Storage": "2.26.1"
        }
      },
      "TwentyTwenty.Storage.Azure": {
        "type": "Direct",
        "requested": "[2.26.1, )",
        "resolved": "2.26.1",
        "contentHash": "YVm090GppKCN6iK9flb+XuUVlJtsD/iIk7odesrHQE7zZ4RltcrISENtiS4AKeP1pBcFPX44Y4wbNhZTMvZJQw==",
        "dependencies": {
          "Azure.Storage.Blobs": "12.19.1",
          "TwentyTwenty.Storage": "2.26.1"
        }
      },
      "TwentyTwenty.Storage.Google": {
        "type": "Direct",
        "requested": "[2.26.1, )",
        "resolved": "2.26.1",
        "contentHash": "bCrzGQhEbF7ysDmjB9XDzpZniW5Z0LMVnpASMKM5GZxlt+Q7gez19CcUqZ4ITQNMWsNHis4/2RjMMdTQ3BcoAw==",
        "dependencies": {
          "Google.Cloud.Storage.V1": "3.7.0",
          "TwentyTwenty.Storage": "2.26.1"
        }
      },
      "TwentyTwenty.Storage.Local": {
        "type": "Direct",
        "requested": "[2.26.1, )",
        "resolved": "2.26.1",
        "contentHash": "6RS71TDr1vRP7BN0h/skkJzH0wbJ1GFRKm+jcHyjDaWT21f/sVhcel+JE3FVRP6uESsbt268X9XE890/JAHqmg==",
        "dependencies": {
          "TwentyTwenty.Storage": "2.26.1"
        }
      },
      "YamlDotNet": {
        "type": "Direct",
        "requested": "[16.3.0, )",
        "resolved": "16.3.0",
        "contentHash": "SgMOdxbz8X65z8hraIs6hOEdnkH6hESTAIUa7viEngHOYaH+6q5XJmwr1+yb9vJpNQ19hCQY69xbFsLtXpobQA=="
      },
      "AngleSharp": {
        "type": "Transitive",
        "resolved": "0.17.1",
        "contentHash": "5MPI4bbixlwxb0W/smOMeIR+QlxMy5/5jD+WnIAw4pBC+7AhLPe5bS3cLgQMJyvd6q0A48sG+uYOt/ep406GLA=="
      },
      "AngleSharp.Css": {
        "type": "Transitive",
        "resolved": "0.17.0",
        "contentHash": "bg0AcugmX6BFEi/DHG61QrwRU8iuiX4H8LZehdIzYdqOM/dgb3BsCTzNIcc1XADn4+xfQEdVwJYTSwUxroL4vg==",
        "dependencies": {
          "AngleSharp": "[0.17.0, 0.18.0)"
        }
      },
      "AWSSDK.Core": {
        "type": "Transitive",
        "resolved": "3.7.303.14",
        "contentHash": "CB0eSYIH1TjP2z16l8cKkG3UkuYj9KZdmGFuzx+JML7DhdsIz+dnuwI4fPf1mH8GlfjhS17xgHp1apDty/pS0A=="
      },
      "AWSSDK.S3": {
        "type": "Transitive",
        "resolved": "3.7.307.15",
        "contentHash": "wWNfFT5TvBBlSaqfAi1uQOcWISNyCZj82dsMlCyn0XIW8RKgOCJPfT9sRYdcDJAEaV+2LzPzk2KAChMYuEIYHA==",
        "dependencies": {
          "AWSSDK.Core": "[3.7.303.14, 4.0.0)"
        }
      },
      "Azure.Core": {
        "type": "Transitive",
        "resolved": "1.36.0",
        "contentHash": "vwqFZdHS4dzPlI7FFRkPx9ctA+aGGeRev3gnzG8lntWvKMmBhAmulABi1O9CEvS3/jzYt7yA+0pqVdxkpAd7dQ==",
        "dependencies": {
          "Microsoft.Bcl.AsyncInterfaces": "1.1.1",
          "System.Memory.Data": "1.0.2"
        }
      },
      "Azure.Storage.Blobs": {
        "type": "Transitive",
        "resolved": "12.19.1",
        "contentHash": "x43hWFJ4sPQ23TD4piCwT+KlQpZT8pNDAzqj6yUCqh+WJ2qcQa17e1gh6ZOeT2QNFQTTDSuR56fm2bIV7i11/w==",
        "dependencies": {
          "Azure.Storage.Common": "12.18.1"
        }
      },
      "Azure.Storage.Common": {
        "type": "Transitive",
        "resolved": "12.18.1",
        "contentHash": "ohCslqP9yDKIn+DVjBEOBuieB1QwsUCz+BwHYNaJ3lcIsTSiI4Evnq81HcKe8CqM8qvdModbipVQKpnxpbdWqA==",
        "dependencies": {
          "Azure.Core": "1.36.0",
          "System.IO.Hashing": "6.0.0"
        }
      },
      "BouncyCastle.Cryptography": {
        "type": "Transitive",
        "resolved": "2.6.2",
        "contentHash": "7oWOcvnntmMKNzDLsdxAYqApt+AjpRpP2CShjMfIa3umZ42UQMvH0tl1qAliYPNYO6vTdcGMqnRrCPmsfzTI1w=="
      },
      "BTCPayServer.Lightning.Charge": {
        "type": "Transitive",
        "resolved": "1.5.3",
        "contentHash": "oSRSZSa0AWgi9G92YmJZGxXFD7kFFD0zKrBL2iP5ICRBISHZMpz5XLdjCUa0OGd/JN/eSE4E/ptRQMbUg82h0Q==",
        "dependencies": {
          "BTCPayServer.Lightning.CLightning": "1.6.5"
        }
      },
      "BTCPayServer.Lightning.CLightning": {
        "type": "Transitive",
        "resolved": "1.6.5",
        "contentHash": "/t3RUPCp7kszQLSiePi5TzSD+JWmrLUoRvzIQCoYcu6K/hD1rUR4O/Xmcxm56LA5ylmsB+UkPOoPv3winI0dQw==",
        "dependencies": {
          "BTCPayServer.Lightning.Common": "1.5.3"
        }
      },
      "BTCPayServer.Lightning.Common": {
        "type": "Transitive",
        "resolved": "1.5.3",
        "contentHash": "4+fAx77F+zGE2sxmqwurDKGrVOiM3UQN1p0XixPLoxNqrhMYcR8O/q7HW1KdoUhBEt8KAuIfChp0eSqFFxuJlA==",
        "dependencies": {
          "NBitcoin": "10.0.1",
          "Newtonsoft.Json": "13.0.3"
        }
      },
      "BTCPayServer.Lightning.Eclair": {
        "type": "Transitive",
        "resolved": "1.5.8",
        "contentHash": "Q0KhOhoiSyeyb6biBqtDzbqINzDDO+Wccb8hJFiEnyJcl+k8LsrX+CozeGhEtsBvlUA7FCB+WSNVwUnl9bm7Eg==",
        "dependencies": {
          "BTCPayServer.Lightning.Common": "1.5.3"
        }
      },
      "BTCPayServer.Lightning.LNBank": {
        "type": "Transitive",
        "resolved": "1.5.4",
        "contentHash": "6voX3Z6SZmfMkx9kjSEn88OBG5Yjg+iGP87nKhf4uwNsaqGkqMylO3UTZL+TZQr2vR1U4+Aq3e1NMRYuqT90WQ==",
        "dependencies": {
          "BTCPayServer.Lightning.Common": "1.5.3",
          "Microsoft.AspNetCore.SignalR.Client": "8.0.11"
        }
      },
      "BTCPayServer.Lightning.LND": {
        "type": "Transitive",
        "resolved": "1.5.10",
        "contentHash": "RC63N5Z8NmT5OAE+5Ud37EwGP5HUnxmPO2emp+/cswiFziJFzq8Ngk/Vobne3sptaWZljXTvamATKtn2gPx/WA==",
        "dependencies": {
          "BTCPayServer.Lightning.Common": "1.5.3"
        }
      },
      "BTCPayServer.Lightning.LNDhub": {
        "type": "Transitive",
        "resolved": "1.5.4",
        "contentHash": "ofdmRKn7gz84JojSpBl8NNhqEePnOz6gQB/6N2/6KV0jkVScK+PDtBOSyyS46E0dcsDFscHEaWbo4VIwW39vPQ==",
        "dependencies": {
          "BTCPayServer.Lightning.Common": "1.5.3"
        }
      },
      "BTCPayServer.Lightning.Phoenixd": {
        "type": "Transitive",
        "resolved": "1.5.9",
        "contentHash": "mb/tg6Ig0On9cB/oMcKKe8MIwGRIqvuWey1o9hzJRf1+2lS0vNSunFL5o5QPXG22eamk/8be0PRwvgXJdtdsTw==",
        "dependencies": {
          "BTCPayServer.Lightning.Common": "1.5.3"
        }
      },
      "Dapper": {
        "type": "Transitive",
        "resolved": "2.1.72",
        "contentHash": "ns4mGqQd9a/MhP8m6w556vVlZIa0/MfUu03zrxjZC/jlr1uVCsUac8bkdB+Fs98Llbd56rRSo1eZH5VVmeGZyw=="
      },
      "DigitalRuby.ExchangeSharp": {
        "type": "Transitive",
        "resolved": "1.2.1",
        "contentHash": "ML8pr6XsUYWULVEQoDqhfLEEwY68404avN/NmmLejbWwyasTEjkMahM41hLa+cC9p2pk4Sb5DqRqJnyxD4TC+A==",
        "dependencies": {
          "BouncyCastle.Cryptography": "2.6.2",
          "Microsoft.AspNet.SignalR.Client": "2.4.3",
          "NLog": "6.0.3",
          "Newtonsoft.Json": "13.0.3",
          "SocketIOClient": "3.1.2",
          "System.Configuration.ConfigurationManager": "9.0.8",
          "System.IdentityModel.Tokens.Jwt": "8.13.1"
        }
      },
      "Fido2.Models": {
        "type": "Transitive",
        "resolved": "4.0.1",
        "contentHash": "SepPhuYlDEWFwObg39xea9e5Ck5a7qpUP0vjIWzkEOCXDWsKQaW9sdN+m+h9phiCzb0r3w1yauypnHN11CozIw==",
        "dependencies": {
          "Microsoft.Bcl.Memory": "9.0.14"
        }
      },
      "Google.Api.Gax": {
        "type": "Transitive",
        "resolved": "3.6.0",
        "contentHash": "to0jodBVcEpbb2cjyfTsCtV7vhpHfbbYNSEcCHMvnvPhVs2f97HBuFPUzfrq6RP8G5Fg5kuiu9fhk0GKyG9EDg==",
        "dependencies": {
          "Microsoft.Bcl.AsyncInterfaces": "1.0.0",
          "Newtonsoft.Json": "12.0.3"
        }
      },
      "Google.Api.Gax.Rest": {
        "type": "Transitive",
        "resolved": "3.6.0",
        "contentHash": "OzOlGoAtJhm9Fxchcvh2GrMrKdn7QdwmHJYzxZJezIcVaw4nT7hLBabxVeqWgccBQ4HTTh5/50VwH+o97HyLHg==",
        "dependencies": {
          "Google.Api.Gax": "3.6.0",
          "Google.Apis.Auth": "[1.53.0, 2.0.0)"
        }
      },
      "Google.Apis": {
        "type": "Transitive",
        "resolved": "1.55.0",
        "contentHash": "siw3M6VOFbkrTlOTo7F89BrdDFQw/XVks8qo4xDMXwGpwKpCt0KWENYs7N2RWFznJghlrmPuZ6Sx13vvYqrynA==",
        "dependencies": {
          "Google.Apis.Core": "1.55.0"
        }
      },
      "Google.Apis.Auth": {
        "type": "Transitive",
        "resolved": "1.55.0",
        "contentHash": "YPHAgzqsU3j/CiPjb2GSvZo2kHhVkFsdfrqA8X5CUWxlwfivcvSn3N5Hi995r4vpGRNmyXNiWZOXbFKps03bmg==",
        "dependencies": {
          "Google.Apis": "1.55.0",
          "Google.Apis.Core": "1.55.0"
        }
      },
      "Google.Apis.Core": {
        "type": "Transitive",
        "resolved": "1.55.0",
        "contentHash": "QX6pmjRxZYgyGFqsa7tyxdjoEb6ssJ9lv6ub8AxhPd/BCMEglmqzW4GpsuKQZaRg9Qq9gp9HRzjCiLZ3RgmNgw==",
        "dependencies": {
          "Newtonsoft.Json": "13.0.1"
        }
      },
      "Google.Apis.Storage.v1": {
        "type": "Transitive",
        "resolved": "1.55.0.2526",
        "contentHash": "mqaWdwpCA0LGQZMz32+DP/veR/XrJGymfPLsCGOUgAthV2uwFa5c2k98PCKA6q95PkL9219xLSOeYvUoRmvPFQ==",
        "dependencies": {
          "Google.Apis": "1.55.0",
          "Google.Apis.Auth": "1.55.0"
        }
      },
      "Google.Cloud.Storage.V1": {
        "type": "Transitive",
        "resolved": "3.7.0",
        "contentHash": "QiLwCcyyNquxp9rNRe+chSUlPCrmBRwRsTqTomnk+bky4WKs2+sOLds+WzIi9cU8KdIOC2mW31ywv1NWoUt6Gg==",
        "dependencies": {
          "Google.Api.Gax.Rest": "[3.6.0, 4.0.0)",
          "Google.Apis.Storage.v1": "[1.55.0.2526, 2.0.0)"
        }
      },
      "HtmlSanitizer": {
        "type": "Transitive",
        "resolved": "9.0.892",
        "contentHash": "zdkMmpNCjTkxna8Y+jmPIFm2st+HjHrf32yNElFYwe7L4GmDm+mdKR6TzDyf6ewJ0RUUz84D4IkHNgrwGi4VbQ==",
        "dependencies": {
          "AngleSharp": "[0.17.1]",
          "AngleSharp.Css": "[0.17.0]"
        }
      },
      "libsodium": {
        "type": "Transitive",
        "resolved": "1.0.20.1",
        "contentHash": "pkiceEqJDQFHjbga3k/oPfTVX9g+GKJZ1VrkuiLhaymt9YNw1Dr7cX9hNuZuNaWcr9WD0moW55k4pMwzQ7JaZQ=="
      },
      "Microsoft.AspNet.SignalR.Client": {
        "type": "Transitive",
        "resolved": "2.4.3",
        "contentHash": "W+sWtcEUG4Z2Ea+tLZs4n8SVjpVU/7MSb6TrfJ9/AVdQ0Yu75vaDWzbIvjk1TvoqdyQldrpsWXRyHtGU/jHtiQ==",
        "dependencies": {
          "Newtonsoft.Json": "11.0.2"
        }
      },
      "Microsoft.AspNet.WebApi.Client": {
        "type": "Transitive",
        "resolved": "6.0.0",
        "contentHash": "zXeWP03dTo67AoDHUzR+/urck0KFssdCKOC+dq7Nv1V2YbFh/nIg09L0/3wSvyRONEdwxGB/ssEGmPNIIhAcAw==",
        "dependencies": {
          "Newtonsoft.Json": "13.0.1",
          "Newtonsoft.Json.Bson": "1.0.2"
        }
      },
      "Microsoft.AspNetCore.Http.Connections.Client": {
        "type": "Transitive",
        "resolved": "8.0.11",
        "contentHash": "xZYK9qmJ/Zm10FId7hzDaI+2j+g4O+b5SLeCEET40MtDXxiu6+0PsBePBOiu90yNeWAWLbjnEGrzBxsZ6pY4SQ=="
      },
      "Microsoft.AspNetCore.Identity.EntityFrameworkCore": {
        "type": "Transitive",
        "resolved": "10.0.6",
        "contentHash": "zLlJ5K1vxA3c5/YVLFH4RxnqG+fXnYqkzutOJZ8TeGyrm/hzDq6W01AunvhYOAp3m5kLeeoxMDVapXSgTtd6Yg==",
        "dependencies": {
          "Microsoft.EntityFrameworkCore.Relational": "10.0.6"
        }
      },
      "Microsoft.AspNetCore.JsonPatch": {
        "type": "Transitive",
        "resolved": "10.0.6",
        "contentHash": "1Y5D1Eq4RpzAqlx2/ihWpotlemX8QezN89ftVTqkL+KgRe60+cNOPINIVqG/j5riv1VXBGI1zg0C5p6OBNi0xg==",
        "dependencies": {
          "Newtonsoft.Json": "13.0.3"
        }
      },
      "Microsoft.AspNetCore.SignalR.Client": {
        "type": "Transitive",
        "resolved": "8.0.11",
        "contentHash": "Dvt8ys1cjCr6QcjquoxvGfTvgiJHVa9HjX7GFSbr1axhQMMHWj0k6HLBvr/t9De+EriJZQGeALJNavWTwF8aHA==",
        "dependencies": {
          "Microsoft.AspNetCore.Http.Connections.Client": "8.0.11",
          "Microsoft.AspNetCore.SignalR.Client.Core": "8.0.11"
        }
      },
      "Microsoft.AspNetCore.SignalR.Client.Core": {
        "type": "Transitive",
        "resolved": "8.0.11",
        "contentHash": "ISNuLuJRKfowJ39YXdFv3LT+K2vAf4sqIbGWpFE0Tom1tr2EZaPijZKHLjpyTf7J9eWRUkRZEr05ZHuIhhvKjg=="
      },
      "Microsoft.Bcl.AsyncInterfaces": {
        "type": "Transitive",
        "resolved": "1.1.1",
        "contentHash": "yuvf07qFWFqtK3P/MRkEKLhn5r2UbSpVueRziSqj0yJQIKFwG1pq9mOayK3zE5qZCTs0CbrwL9M6R8VwqyGy2w=="
      },
      "Microsoft.Bcl.Memory": {
        "type": "Transitive",
        "resolved": "9.0.14",
        "contentHash": "laQCcjTM2FnbyznkAu9hwBuQh3z2/OtJKwjGkJOUevylFpFXZIUVq/+MU2jM0HQm1n5wsjjwtLIDOiWJ6Nai3A=="
      },
      "Microsoft.CodeAnalysis.Analyzers": {
        "type": "Transitive",
        "resolved": "5.3.0-2.25625.1",
        "contentHash": "4Yhh2fnu3G+J0J1lDc8WZVgMjgbynSeTfkl5IFJMFrmiIO0sc7Tjx+f3sFVV8Sd35PrIUWfof0RWc3lAMl7Azg=="
      },
      "Microsoft.CodeAnalysis.Common": {
        "type": "Transitive",
        "resolved": "5.3.0",
        "contentHash": "uC0qk3jzTQY7i90ehfnCqaOZpBUGJyPMiHJ3c0jOb8yaPBjWzIhVdNxPbeVzI74DB0C+YgBKPLqUkgFZzua5Mg==",
        "dependencies": {
          "Microsoft.CodeAnalysis.Analyzers": "5.3.0-2.25625.1"
        }
      },
      "Microsoft.CodeAnalysis.CSharp": {
        "type": "Transitive",
        "resolved": "5.3.0",
        "contentHash": "SQFNGQF4f7UfDXKxMzzGNMr3fjrPDIjLfmRvvVgDCw+dyvEHDaRfHuKA5q0Pr0/JW0Gcw89TxrxrS/MjwBvluQ==",
        "dependencies": {
          "Microsoft.CodeAnalysis.Analyzers": "5.3.0-2.25625.1",
          "Microsoft.CodeAnalysis.Common": "[5.3.0]"
        }
      },
      "Microsoft.EntityFrameworkCore": {
        "type": "Transitive",
        "resolved": "10.0.6",
        "contentHash": "eDy7bu3G+51FRC0cPtXTqUI9iAdDYl/XBQ5UguN8NFOA7QNmFvUEf36wA7PZ4ctsnxRN4t3dIvs2VKVE5H+EQQ==",
        "dependencies": {
          "Microsoft.EntityFrameworkCore.Abstractions": "10.0.6",
          "Microsoft.EntityFrameworkCore.Analyzers": "10.0.6"
        }
      },
      "Microsoft.EntityFrameworkCore.Abstractions": {
        "type": "Transitive",
        "resolved": "10.0.6",
        "contentHash": "4F+e6uxhVmyduu+Ve1INxek94adt4RAddWqykXNDnOOWQrJJ20izw/9qRpZdkLnIW9oj/3qnLWUtsv37U0xJCw=="
      },
      "Microsoft.EntityFrameworkCore.Analyzers": {
        "type": "Transitive",
        "resolved": "10.0.6",
        "contentHash": "PIcmALdKzeSJNWmxsLDsS8XKFqiH5+9GzIM+qd3w1efYIwmO0w5304i37/SkfynctHZwkiiQjb2mkoIXU1CGZg=="
      },
      "Microsoft.EntityFrameworkCore.Relational": {
        "type": "Transitive",
        "resolved": "10.0.6",
        "contentHash": "t+pXPUjiAemBTstY57yUAoywOO6znVD3lwy7UERJpji0wmS70XHg0h8EcpX6+7KT6ZVCIndr1pW0GdOobZ4yCg==",
        "dependencies": {
          "Microsoft.EntityFrameworkCore": "10.0.6"
        }
      },
      "Microsoft.Extensions.DependencyModel": {
        "type": "Transitive",
        "resolved": "10.0.0",
        "contentHash": "RFYJR7APio/BiqdQunRq6DB+nDB6nc2qhHr77mlvZ0q0BT8PubMXN7XicmfzCbrDE/dzhBnUKBRXLTcqUiZDGg=="
      },
      "Microsoft.Identity.Abstractions": {
        "type": "Transitive",
        "resolved": "9.3.0",
        "contentHash": "h9l1IYmHecH/iCkhHvJIgSRidp5igQ9zM9s8DJ03DDThjJAVQzopucFEWPEPu1YpNt8VFc46sC6zpspfViNKPQ=="
      },
      "Microsoft.IdentityModel.Abstractions": {
        "type": "Transitive",
        "resolved": "8.13.1",
        "contentHash": "syKvRx82lGmZnaK4xlrbJb0mCLV0Yv+gyAApEfKhwaUEgEs9NPPkiUvthYOldRFhXwUscMBA7Uehd7u/pD+WTQ=="
      },
      "Microsoft.IdentityModel.JsonWebTokens": {
        "type": "Transitive",
        "resolved": "8.13.1",
        "contentHash": "y2aOHMgUccbiiikRyzuQkxD6Z7TGTVVxWlh3p+HfpMtnl91H64CgPIcO14rZtnO3lQjF3FAKc9iaqdTcRKQfQw==",
        "dependencies": {
          "Microsoft.IdentityModel.Tokens": "8.13.1"
        }
      },
      "Microsoft.IdentityModel.Logging": {
        "type": "Transitive",
        "resolved": "8.13.1",
        "contentHash": "zTydfVg6hvtYRPrfBaAZGELtdBKxM3NXtLQ/j1QT9LFZybq5L9S/uoovps9vRdaRGxWxQfkjF3Bh8CLuvpj2Ag==",
        "dependencies": {
          "Microsoft.IdentityModel.Abstractions": "8.13.1"
        }
      },
      "Microsoft.IdentityModel.Tokens": {
        "type": "Transitive",
        "resolved": "8.13.1",
        "contentHash": "9Nnr8JlJNIMAulhIi0D3ZevO54NQdk+IHH6skey1KSOItPFhOSe2dp9VeRMJZ1sN168gtDTOl8XRDbltHvxmhg==",
        "dependencies": {
          "Microsoft.Identity.Abstractions": "9.3.0",
          "Microsoft.IdentityModel.Logging": "8.13.1"
        }
      },
      "Microsoft.NETCore.Platforms": {
        "type": "Transitive",
        "resolved": "1.1.0",
        "contentHash": "kz0PEW2lhqygehI/d6XsPCQzD7ff7gUJaVGPVETX611eadGsA3A877GdSlU0LRVMCTH/+P3o2iDTak+S08V2+A=="
      },
      "Microsoft.Win32.SystemEvents": {
        "type": "Transitive",
        "resolved": "6.0.0",
        "contentHash": "hqTM5628jSsQiv+HGpiq3WKBl2c8v1KZfby2J6Pr7pEPlK9waPdgEO6b8A/+/xn/yZ9ulv8HuqK71ONy2tg67A=="
      },
      "MimeKit": {
        "type": "Transitive",
        "resolved": "4.16.0",
        "contentHash": "X0LFxeM4gPRIhODyY/HYS9b+zRZ7y//v59rFzgS6wLxcPuZThnMtNZHtrr0fjLyRRkg3gqJBtvW36XfUzZ7Djw==",
        "dependencies": {
          "BouncyCastle.Cryptography": "2.6.2",
          "System.Security.Cryptography.Pkcs": "10.0.0"
        }
      },
      "NBitcoin.Altcoins": {
        "type": "Transitive",
        "resolved": "6.0.3",
        "contentHash": "Bo02A5To3dhscgyjVJiqE8lwlPyKvXsXvyZdXAwqQOgWTu4TMghW7WLSwg6CS2pxvZi4F3Zk1/Ey2/ujDBNrIQ==",
        "dependencies": {
          "NBitcoin": "10.0.1"
        }
      },
      "NBXplorer.Client": {
        "type": "Transitive",
        "resolved": "5.0.6",
        "contentHash": "5KxsEp3gg7NOVyniehXuiBdqOkn1blZxUJLJWUBNeoVDIFEQnmXmCeU0TBhX2tDZ6TV+S1RLfQBEizOy9a2B9A==",
        "dependencies": {
          "NBitcoin": "10.0.1",
          "NBitcoin.Altcoins": "6.0.3"
        }
      },
      "NETStandard.Library": {
        "type": "Transitive",
        "resolved": "1.6.1",
        "contentHash": "WcSp3+vP+yHNgS8EV5J7pZ9IRpeDuARBPN28by8zqff1wJQXm26PVU8L3/fYLBJVU7BtDyqNVWq2KlCVvSSR4A==",
        "dependencies": {
          "Microsoft.NETCore.Platforms": "1.1.0"
        }
      },
      "Newtonsoft.Json.Bson": {
        "type": "Transitive",
        "resolved": "1.0.2",
        "contentHash": "QYFyxhaABwmq3p/21VrZNYvCg3DaEoN/wUuw5nmfAf0X3HLjgupwhkEWdgfb9nvGAUIv3osmZoD3kKl4jxEmYQ==",
        "dependencies": {
          "Newtonsoft.Json": "12.0.1"
        }
      },
      "NicolasDorier.StandardConfiguration": {
        "type": "Transitive",
        "resolved": "2.0.1",
        "contentHash": "G9RRKKhtzNiw6T/xlEPv/u7iNHNSIL5a+qCKejSPPSfEf1V2ljRu9UWs/+L12YFdIfiQb/go2EFVGBo6qW3OLg==",
        "dependencies": {
          "NicolasDorier.CommandLine.Configuration": "2.0.0"
        }
      },
      "NLog": {
        "type": "Transitive",
        "resolved": "6.0.3",
        "contentHash": "5RMrpvadysflvDOi5ozD7aK1P+YL2DyZbQSxzE8qBKkw2pxPNOQA6vJtumcT6SuzE9qxhwGkQwMkLLaKnALwiw=="
      },
      "Npgsql": {
        "type": "Transitive",
        "resolved": "10.0.2",
        "contentHash": "q5RfBI+wywJSFUNDE1L4ZbHEHCFTblo8Uf6A6oe4feOUFYiUQXyAf9GBh5qEZpvJaHiEbpBPkQumjEhXCJxdrg=="
      },
      "Npgsql.EntityFrameworkCore.PostgreSQL": {
        "type": "Transitive",
        "resolved": "10.0.1",
        "contentHash": "P6EwH0Q4xkaA264iNZDqCPhWt8pscfUGxXazDQg4noBfqjoOlk4hKWfvBjF9ZX3R/9JybRmmJfmxr2iBMj0EpA==",
        "dependencies": {
          "Microsoft.EntityFrameworkCore": "[10.0.4, 11.0.0)",
          "Microsoft.EntityFrameworkCore.Relational": "[10.0.4, 11.0.0)",
          "Npgsql": "10.0.2"
        }
      },
      "NSec.Cryptography": {
        "type": "Transitive",
        "resolved": "25.4.0",
        "contentHash": "Z3wPpG0xefMLmhn9T+Ka/EzAmMQPT0THL/5E4lf9cXI/N9rbGH0G23ZFpRcPnD0ast2k7ieG6QSVNIjmfPCXBQ==",
        "dependencies": {
          "libsodium": "[1.0.20.1, 1.0.21)"
        }
      },
      "Serilog.Extensions.Hosting": {
        "type": "Transitive",
        "resolved": "10.0.0",
        "contentHash": "E7juuIc+gzoGxgzFooFgAV8g9BfiSXNKsUok9NmEpyAXg2odkcPsMa/Yo4axkJRlh0se7mkYQ1GXDaBemR+b6w==",
        "dependencies": {
          "Serilog": "4.3.0",
          "Serilog.Extensions.Logging": "10.0.0"
        }
      },
      "Serilog.Extensions.Logging": {
        "type": "Transitive",
        "resolved": "10.0.0",
        "contentHash": "vx0kABKl2dWbBhhqAfTOk53/i8aV/5VaT3a6il9gn72Wqs2pM7EK2OB6No6xdqK2IaY6Zf9gdjLuK9BVa2rT+Q==",
        "dependencies": {
          "Serilog": "4.2.0"
        }
      },
      "Serilog.Formatting.Compact": {
        "type": "Transitive",
        "resolved": "3.0.0",
        "contentHash": "wQsv14w9cqlfB5FX2MZpNsTawckN4a8dryuNGbebB/3Nh1pXnROHZov3swtu3Nj5oNG7Ba+xdu7Et/ulAUPanQ==",
        "dependencies": {
          "Serilog": "4.0.0"
        }
      },
      "Serilog.Settings.Configuration": {
        "type": "Transitive",
        "resolved": "10.0.0",
        "contentHash": "LNq+ibS1sbhTqPV1FIE69/9AJJbfaOhnaqkzcjFy95o+4U+STsta9mi97f1smgXsWYKICDeGUf8xUGzd/52/uA==",
        "dependencies": {
          "Microsoft.Extensions.DependencyModel": "10.0.0",
          "Serilog": "4.3.0"
        }
      },
      "Serilog.Sinks.Console": {
        "type": "Transitive",
        "resolved": "6.1.1",
        "contentHash": "8jbqgjUyZlfCuSTaJk6lOca465OndqOz3KZP6Cryt/IqZYybyBu7GP0fE/AXBzrrQB3EBmQntBFAvMVz1COvAA==",
        "dependencies": {
          "Serilog": "4.0.0"
        }
      },
      "Serilog.Sinks.Debug": {
        "type": "Transitive",
        "resolved": "3.0.0",
        "contentHash": "4BzXcdrgRX7wde9PmHuYd9U6YqycCC28hhpKonK7hx0wb19eiuRj16fPcPSVp0o/Y1ipJuNLYQ00R3q2Zs8FDA==",
        "dependencies": {
          "Serilog": "4.0.0"
        }
      },
      "SocketIO.Core": {
        "type": "Transitive",
        "resolved": "3.1.2",
        "contentHash": "tb6vZ7DYhZooRGLHTPK7/Gifbu+kHbkQRbsee0LAnI28pWc5+Br+juh4pvid3kfIrGTl5dzAfy5huLELVU4svA=="
      },
      "SocketIO.Serializer.Core": {
        "type": "Transitive",
        "resolved": "3.1.2",
        "contentHash": "/cJtU3JVzjqP/Jh3BpMMR0aNzYua6s9e3+hjZ6OnYprFHrGYyg/n9OcST1dBjmOvvgyJ3GwJlyq0NjnPETAHsA==",
        "dependencies": {
          "SocketIO.Core": "3.1.2"
        }
      },
      "SocketIO.Serializer.SystemTextJson": {
        "type": "Transitive",
        "resolved": "3.1.2",
        "contentHash": "AA8w3Y4JldC3FaL1D4WuyG4zLPdrzjf8AQx1LCKtzlMlTLOcbEW0UGt+BhKxkUnxYAD5O5fsqRrTNCGXu6VeWA==",
        "dependencies": {
          "SocketIO.Core": "3.1.2",
          "SocketIO.Serializer.Core": "3.1.2"
        }
      },
      "SocketIOClient": {
        "type": "Transitive",
        "resolved": "3.1.2",
        "contentHash": "CMmnmhvG1Qf8k6BPh3RLqc/9MNvGUlCOyptjoP8a62bowPQkHTWvN25yy+gQqx5Ry/NgzkQHBJNpmRJhZNZrVQ==",
        "dependencies": {
          "SocketIO.Serializer.Core": "3.1.2",
          "SocketIO.Serializer.SystemTextJson": "3.1.2"
        }
      },
      "System.Configuration.ConfigurationManager": {
        "type": "Transitive",
        "resolved": "9.0.8",
        "contentHash": "BR70HYY5jeOa/jBrd/wyydpuqhFyla2ybQRL/UPBIiSvctVqi18iQoM44Gx41jy7t6wuAdKuTnie6io4j8aq3w==",
        "dependencies": {
          "System.Security.Cryptography.ProtectedData": "9.0.8"
        }
      },
      "System.Drawing.Common": {
        "type": "Transitive",
        "resolved": "6.0.0",
        "contentHash": "NfuoKUiP2nUWwKZN6twGqXioIe1zVD0RIj2t976A+czLHr2nY454RwwXs6JU9Htc6mwqL6Dn/nEL3dpVf2jOhg==",
        "dependencies": {
          "Microsoft.Win32.SystemEvents": "6.0.0"
        }
      },
      "System.IdentityModel.Tokens.Jwt": {
        "type": "Transitive",
        "resolved": "8.13.1",
        "contentHash": "tpYLV4ghuPPFtA/by/WzbeCv/kJqbbKrHde6ENiu6Op1nqVoCxV9C5Q0smlQnlnqZE35+oPYKIfz1qyWjusT7A==",
        "dependencies": {
          "Microsoft.IdentityModel.JsonWebTokens": "8.13.1",
          "Microsoft.IdentityModel.Tokens": "8.13.1"
        }
      },
      "System.IO.Hashing": {
        "type": "Transitive",
        "resolved": "6.0.0",
        "contentHash": "Rfm2jYCaUeGysFEZjDe7j1R4x6Z6BzumS/vUT5a1AA/AWJuGX71PoGB0RmpyX3VmrGqVnAwtfMn39OHR8Y/5+g=="
      },
      "System.Memory.Data": {
        "type": "Transitive",
        "resolved": "1.0.2",
        "contentHash": "JGkzeqgBsiZwKJZ1IxPNsDFZDhUvuEdX8L8BDC8N3KOj+6zMcNU28CNN59TpZE/VJYy9cP+5M+sbxtWJx3/xtw=="
      },
      "System.Security.Cryptography.Pkcs": {
        "type": "Transitive",
        "resolved": "10.0.0",
        "contentHash": "UPWqLSygJlFerRi9XNIuM0a1VC8gHUIufyP24xQ0sc+XimqUAEcjpOz9DhKpyDjH+5B/wO3RpC0KpkEeDj/ddg=="
      },
      "System.Security.Cryptography.ProtectedData": {
        "type": "Transitive",
        "resolved": "9.0.8",
        "contentHash": "w7+KCnqmtDboV8dxTLxlUltasP7AgzNFdTLq1D/ey50ykgXW+CJBIQkzYZjgPzmjKB+/PGGUKYrH7TSbwrDtRw=="
      },
      "btcpayserver.abstractions": {
        "type": "Project",
        "dependencies": {
          "BTCPayServer.Client": "[2.0.1, )",
          "HtmlSanitizer": "[9.0.892, )",
          "Microsoft.AspNetCore.SignalR.Protocols.NewtonsoftJson": "[10.0.6, )",
          "Microsoft.EntityFrameworkCore": "[10.0.4, )",
          "Npgsql.EntityFrameworkCore.PostgreSQL": "[10.0.1, )"
        }
      },
      "btcpayserver.client": {
        "type": "Project",
        "dependencies": {
          "BTCPayServer.Lightning.Common": "[1.5.3, )",
          "NBitcoin": "[10.0.3, )",
          "Newtonsoft.Json": "[13.0.4, )"
        }
      },
      "btcpayserver.common": {
        "type": "Project",
        "dependencies": {
          "NBXplorer.Client": "[5.0.6, )",
          "NicolasDorier.StandardConfiguration": "[2.0.1, )"
        }
      },
      "btcpayserver.data": {
        "type": "Project",
        "dependencies": {
          "BTCPayServer.Abstractions": "[2.3.9, )",
          "BTCPayServer.Client": "[2.0.1, )",
          "Dapper": "[2.1.72, )",
          "Microsoft.AspNetCore.Identity.EntityFrameworkCore": "[10.0.6, )",
          "Microsoft.EntityFrameworkCore": "[10.0.6, )",
          "NBitcoin.Altcoins": "[6.0.3, )"
        }
      },
      "btcpayserver.rating": {
        "type": "Project",
        "dependencies": {
          "DigitalRuby.ExchangeSharp": "[1.2.1, )",
          "Microsoft.AspNet.WebApi.Client": "[6.0.0, )",
          "Microsoft.CodeAnalysis.CSharp": "[5.3.0, )",
          "NBitcoin": "[10.0.3, )",
          "Newtonsoft.Json": "[13.0.4, )"
        }
      }
    }
  }
}