{
  "version": 1,
  "dependencies": {
    "net10.0": {
      "DigitalRuby.ExchangeSharp": {
        "type": "Direct",
        "requested": "[1.2.1, )",
        "resolved": "1.2.1",
        "contentHash": "ML8pr6XsUYWULVEQoDqhfLEEwY68404avN/NmmLejbWwyasTEjkMahM41hLa+cC9p2pk4Sb5DqRqJnyxD4TC+A==",
        "dependencies": {
          "BouncyCastle.Cryptography": "2.6.2",
          "Microsoft.AspNet.SignalR.Client": "2.4.3",
          "NLog": "6.0.3",
          "Newtonsoft.Json": "13.0.3",
          "SocketIOClient": "3.1.2",
          "System.Configuration.ConfigurationManager": "9.0.8",
          "System.IdentityModel.Tokens.Jwt": "8.13.1"
        }
      },
      "Microsoft.AspNet.WebApi.Client": {
        "type": "Direct",
        "requested": "[6.0.0, )",
        "resolved": "6.0.0",
        "contentHash": "zXeWP03dTo67AoDHUzR+/urck0KFssdCKOC+dq7Nv1V2YbFh/nIg09L0/3wSvyRONEdwxGB/ssEGmPNIIhAcAw==",
        "dependencies": {
          "Newtonsoft.Json": "13.0.1",
          "Newtonsoft.Json.Bson": "1.0.2"
        }
      },
      "Microsoft.CodeAnalysis.CSharp": {
        "type": "Direct",
        "requested": "[5.3.0, )",
        "resolved": "5.3.0",
        "contentHash": "SQFNGQF4f7UfDXKxMzzGNMr3fjrPDIjLfmRvvVgDCw+dyvEHDaRfHuKA5q0Pr0/JW0Gcw89TxrxrS/MjwBvluQ==",
        "dependencies": {
          "Microsoft.CodeAnalysis.Analyzers": "5.3.0-2.25625.1",
          "Microsoft.CodeAnalysis.Common": "[5.3.0]"
        }
      },
      "NBitcoin": {
        "type": "Direct",
        "requested": "[10.0.3, )",
        "resolved": "10.0.3",
        "contentHash": "nuzZn+IziBmZXySg+G48UT2g2YZ7SgjsK9qdIefkRjsbw2ddeQEXuoHFtvB0w2A6YlQgjio09g5Y5PnMHMfZwA==",
        "dependencies": {
          "Newtonsoft.Json": "13.0.1"
        }
      },
      "Newtonsoft.Json": {
        "type": "Direct",
        "requested": "[13.0.4, )",
        "resolved": "13.0.4",
        "contentHash": "pdgNNMai3zv51W5aq268sujXUyx7SNdE2bj1wZcWjAQrKMFZV260lbqYop1d2GM67JI1huLRwxo9ZqnfF/lC6A=="
      },
      "BouncyCastle.Cryptography": {
        "type": "Transitive",
        "resolved": "2.6.2",
        "contentHash": "7oWOcvnntmMKNzDLsdxAYqApt+AjpRpP2CShjMfIa3umZ42UQMvH0tl1qAliYPNYO6vTdcGMqnRrCPmsfzTI1w=="
      },
      "Microsoft.AspNet.SignalR.Client": {
        "type": "Transitive",
        "resolved": "2.4.3",
        "contentHash": "W+sWtcEUG4Z2Ea+tLZs4n8SVjpVU/7MSb6TrfJ9/AVdQ0Yu75vaDWzbIvjk1TvoqdyQldrpsWXRyHtGU/jHtiQ==",
        "dependencies": {
          "Newtonsoft.Json": "11.0.2"
        }
      },
      "Microsoft.CodeAnalysis.Analyzers": {
        "type": "Transitive",
        "resolved": "5.3.0-2.25625.1",
        "contentHash": "4Yhh2fnu3G+J0J1lDc8WZVgMjgbynSeTfkl5IFJMFrmiIO0sc7Tjx+f3sFVV8Sd35PrIUWfof0RWc3lAMl7Azg=="
      },
      "Microsoft.CodeAnalysis.Common": {
        "type": "Transitive",
        "resolved": "5.3.0",
        "contentHash": "uC0qk3jzTQY7i90ehfnCqaOZpBUGJyPMiHJ3c0jOb8yaPBjWzIhVdNxPbeVzI74DB0C+YgBKPLqUkgFZzua5Mg==",
        "dependencies": {
          "Microsoft.CodeAnalysis.Analyzers": "5.3.0-2.25625.1"
        }
      },
      "Microsoft.Identity.Abstractions": {
        "type": "Transitive",
        "resolved": "9.3.0",
        "contentHash": "h9l1IYmHecH/iCkhHvJIgSRidp5igQ9zM9s8DJ03DDThjJAVQzopucFEWPEPu1YpNt8VFc46sC6zpspfViNKPQ=="
      },
      "Microsoft.IdentityModel.Abstractions": {
        "type": "Transitive",
        "resolved": "8.13.1",
        "contentHash": "syKvRx82lGmZnaK4xlrbJb0mCLV0Yv+gyAApEfKhwaUEgEs9NPPkiUvthYOldRFhXwUscMBA7Uehd7u/pD+WTQ=="
      },
      "Microsoft.IdentityModel.JsonWebTokens": {
        "type": "Transitive",
        "resolved": "8.13.1",
        "contentHash": "y2aOHMgUccbiiikRyzuQkxD6Z7TGTVVxWlh3p+HfpMtnl91H64CgPIcO14rZtnO3lQjF3FAKc9iaqdTcRKQfQw==",
        "dependencies": {
          "Microsoft.IdentityModel.Tokens": "8.13.1"
        }
      },
      "Microsoft.IdentityModel.Logging": {
        "type": "Transitive",
        "resolved": "8.13.1",
        "contentHash": "zTydfVg6hvtYRPrfBaAZGELtdBKxM3NXtLQ/j1QT9LFZybq5L9S/uoovps9vRdaRGxWxQfkjF3Bh8CLuvpj2Ag==",
        "dependencies": {
          "Microsoft.IdentityModel.Abstractions": "8.13.1"
        }
      },
      "Microsoft.IdentityModel.Tokens": {
        "type": "Transitive",
        "resolved": "8.13.1",
        "contentHash": "9Nnr8JlJNIMAulhIi0D3ZevO54NQdk+IHH6skey1KSOItPFhOSe2dp9VeRMJZ1sN168gtDTOl8XRDbltHvxmhg==",
        "dependencies": {
          "Microsoft.Identity.Abstractions": "9.3.0",
          "Microsoft.IdentityModel.Logging": "8.13.1"
        }
      },
      "Newtonsoft.Json.Bson": {
        "type": "Transitive",
        "resolved": "1.0.2",
        "contentHash": "QYFyxhaABwmq3p/21VrZNYvCg3DaEoN/wUuw5nmfAf0X3HLjgupwhkEWdgfb9nvGAUIv3osmZoD3kKl4jxEmYQ==",
        "dependencies": {
          "Newtonsoft.Json": "12.0.1"
        }
      },
      "NLog": {
        "type": "Transitive",
        "resolved": "6.0.3",
        "contentHash": "5RMrpvadysflvDOi5ozD7aK1P+YL2DyZbQSxzE8qBKkw2pxPNOQA6vJtumcT6SuzE9qxhwGkQwMkLLaKnALwiw=="
      },
      "SocketIO.Core": {
        "type": "Transitive",
        "resolved": "3.1.2",
        "contentHash": "tb6vZ7DYhZooRGLHTPK7/Gifbu+kHbkQRbsee0LAnI28pWc5+Br+juh4pvid3kfIrGTl5dzAfy5huLELVU4svA=="
      },
      "SocketIO.Serializer.Core": {
        "type": "Transitive",
        "resolved": "3.1.2",
        "contentHash": "/cJtU3JVzjqP/Jh3BpMMR0aNzYua6s9e3+hjZ6OnYprFHrGYyg/n9OcST1dBjmOvvgyJ3GwJlyq0NjnPETAHsA==",
        "dependencies": {
          "SocketIO.Core": "3.1.2"
        }
      },
      "SocketIO.Serializer.SystemTextJson": {
        "type": "Transitive",
        "resolved": "3.1.2",
        "contentHash": "AA8w3Y4JldC3FaL1D4WuyG4zLPdrzjf8AQx1LCKtzlMlTLOcbEW0UGt+BhKxkUnxYAD5O5fsqRrTNCGXu6VeWA==",
        "dependencies": {
          "SocketIO.Core": "3.1.2",
          "SocketIO.Serializer.Core": "3.1.2"
        }
      },
      "SocketIOClient": {
        "type": "Transitive",
        "resolved": "3.1.2",
        "contentHash": "CMmnmhvG1Qf8k6BPh3RLqc/9MNvGUlCOyptjoP8a62bowPQkHTWvN25yy+gQqx5Ry/NgzkQHBJNpmRJhZNZrVQ==",
        "dependencies": {
          "SocketIO.Serializer.Core": "3.1.2",
          "SocketIO.Serializer.SystemTextJson": "3.1.2"
        }
      },
      "System.Configuration.ConfigurationManager": {
        "type": "Transitive",
        "resolved": "9.0.8",
        "contentHash": "BR70HYY5jeOa/jBrd/wyydpuqhFyla2ybQRL/UPBIiSvctVqi18iQoM44Gx41jy7t6wuAdKuTnie6io4j8aq3w==",
        "dependencies": {
          "System.Security.Cryptography.ProtectedData": "9.0.8"
        }
      },
      "System.IdentityModel.Tokens.Jwt": {
        "type": "Transitive",
        "resolved": "8.13.1",
        "contentHash": "tpYLV4ghuPPFtA/by/WzbeCv/kJqbbKrHde6ENiu6Op1nqVoCxV9C5Q0smlQnlnqZE35+oPYKIfz1qyWjusT7A==",
        "dependencies": {
          "Microsoft.IdentityModel.JsonWebTokens": "8.13.1",
          "Microsoft.IdentityModel.Tokens": "8.13.1"
        }
      },
      "System.Security.Cryptography.ProtectedData": {
        "type": "Transitive",
        "resolved": "9.0.8",
        "contentHash": "w7+KCnqmtDboV8dxTLxlUltasP7AgzNFdTLq1D/ey50ykgXW+CJBIQkzYZjgPzmjKB+/PGGUKYrH7TSbwrDtRw=="
      }
    }
  }
}